
Microsoft Visual Studio Solution File, Format Version 12.00
# Visual Studio Version 17
VisualStudioVersion = 17.0.31903.59
MinimumVisualStudioVersion = 10.0.40219.1
Project("{9A19103F-16F7-4668-BE54-9A1E7A4F7556}") = "Icod.TermInfo", "Icod.TermInfo.csproj", "{1FC6C977-B2BD-44DF-9934-D8EDB5140E50}"
EndProject
Project("{9A19103F-16F7-4668-BE54-9A1E7A4F7556}") = "Icod.TermInfo.Source", "Icod.TermInfo.Source\Icod.TermInfo.Source.csproj", "{2E876FAE-75E1-4D80-91A4-8E79C4EEF2DD}"
EndProject
Project("{9A19103F-16F7-4668-BE54-9A1E7A4F7556}") = "Icod.TermInfo.Termcap", "Icod.TermInfo.Termcap\Icod.TermInfo.Termcap.csproj", "{C9D6E66D-AD9E-4D9B-957D-344005864EA5}"
EndProject
Project("{9A19103F-16F7-4668-BE54-9A1E7A4F7556}") = "Icod.TermInfo.Compiler", "Icod.TermInfo.Compiler\Icod.TermInfo.Compiler.csproj", "{A1D5D0F1-62A0-4E8A-8FD3-66D858F70912}"
EndProject
Project("{9A19103F-16F7-4668-BE54-9A1E7A4F7556}") = "Icod.TermInfo.Inspection", "Icod.TermInfo.Inspection\Icod.TermInfo.Inspection.csproj", "{94EBF03F-92EC-46D5-8607-7FB5208EB02D}"
EndProject
Project("{9A19103F-16F7-4668-BE54-9A1E7A4F7556}") = "Icod.TermInfo.Tic", "tic\Icod.TermInfo.Tic.csproj", "{7E701D24-402A-5A7F-9222-2816BCF24B75}"
EndProject
Project("{9A19103F-16F7-4668-BE54-9A1E7A4F7556}") = "Icod.TermInfo.InfoCmp", "infocmp\Icod.TermInfo.InfoCmp.csproj", "{318549F6-DC46-5D3C-BF07-8FAF74062829}"
EndProject
Project("{9A19103F-16F7-4668-BE54-9A1E7A4F7556}") = "Icod.TermInfo.Toe", "toe\Icod.TermInfo.Toe.csproj", "{BA64B5B1-9F54-5E34-9557-19E0EB84DA3B}"
EndProject
Project("{9A19103F-16F7-4668-BE54-9A1E7A4F7556}") = "Icod.TermInfo.CapToInfo", "captoinfo\Icod.TermInfo.CapToInfo.csproj", "{6F0F4046-7D1D-46B3-8C5D-2CE3D1B85C07}"
EndProject
Project("{9A19103F-16F7-4668-BE54-9A1E7A4F7556}") = "Icod.TermInfo.InfoToCap", "infotocap\Icod.TermInfo.InfoToCap.csproj", "{B51EEA4A-2081-4B82-A80F-8D91E0E5F707}"
EndProject
Project("{9A19103F-16F7-4668-BE54-9A1E7A4F7556}") = "Icod.TermInfo.Router", "icod-terminfo\Icod.TermInfo.Router.csproj", "{7A736D8C-77CE-47DD-92AE-91EF6402E3B8}"
EndProject
Project("{2150E333-8FDC-42A3-9474-1A3956D46DE8}") = "tests", "tests", "{B55F5A14-2D39-4D4C-AEAC-916B6A25F23E}"
EndProject
Project("{9A19103F-16F7-4668-BE54-9A1E7A4F7556}") = "Icod.TermInfo.Tests", "tests\Icod.TermInfo.Tests\Icod.TermInfo.Tests.csproj", "{CA53D988-1A94-46F0-AC80-D66166EEB561}"
EndProject
Project("{9A19103F-16F7-4668-BE54-9A1E7A4F7556}") = "Icod.TermInfo.Source.Tests", "tests\Icod.TermInfo.Source.Tests\Icod.TermInfo.Source.Tests.csproj", "{C9110F42-983C-495D-9C47-F93A5B2F731C}"
EndProject
Project("{9A19103F-16F7-4668-BE54-9A1E7A4F7556}") = "Icod.TermInfo.Termcap.Tests", "tests\Icod.TermInfo.Termcap.Tests\Icod.TermInfo.Termcap.Tests.csproj", "{D3285EE6-F2C7-4007-955F-E2DD65BB05FE}"
EndProject
Project("{9A19103F-16F7-4668-BE54-9A1E7A4F7556}") = "Icod.TermInfo.Compiler.Tests", "tests\Icod.TermInfo.Compiler.Tests\Icod.TermInfo.Compiler.Tests.csproj", "{B8AF056A-3D03-4E65-89E0-6DB8D5E7C124}"
EndProject
Project("{9A19103F-16F7-4668-BE54-9A1E7A4F7556}") = "Icod.TermInfo.Inspection.Tests", "tests\Icod.TermInfo.Inspection.Tests\Icod.TermInfo.Inspection.Tests.csproj", "{6AB4657A-23CE-422A-BFBD-9B5EA429E1ED}"
EndProject
Project("{9A19103F-16F7-4668-BE54-9A1E7A4F7556}") = "Icod.TermInfo.Tic.Tests", "tests\Icod.TermInfo.Tic.Tests\Icod.TermInfo.Tic.Tests.csproj", "{359885AD-D3AD-5A28-A3B8-98CF04811374}"
EndProject
Project("{9A19103F-16F7-4668-BE54-9A1E7A4F7556}") = "Icod.TermInfo.InfoCmp.Tests", "tests\Icod.TermInfo.InfoCmp.Tests\Icod.TermInfo.InfoCmp.Tests.csproj", "{92195310-31CD-5FBC-87EB-181D3E9A6242}"
EndProject
Project("{9A19103F-16F7-4668-BE54-9A1E7A4F7556}") = "Icod.TermInfo.Toe.Tests", "tests\Icod.TermInfo.Toe.Tests\Icod.TermInfo.Toe.Tests.csproj", "{591FB215-E779-50B6-B854-265D3029B1B0}"
EndProject
Project("{9A19103F-16F7-4668-BE54-9A1E7A4F7556}") = "Icod.TermInfo.Router.Tests", "tests\Icod.TermInfo.Router.Tests\Icod.TermInfo.Router.Tests.csproj", "{AE95A945-EEEC-48B5-91DA-A409036AF212}"
EndProject
Project("{2150E333-8FDC-42A3-9474-1A3956D46DE8}") = "samples", "samples", "{8B94AE15-A91A-49D7-B324-C395C84E68D7}"
EndProject
Project("{9A19103F-16F7-4668-BE54-9A1E7A4F7556}") = "Icod.TermInfo.Sample", "samples\Icod.TermInfo.Sample\Icod.TermInfo.Sample.csproj", "{D649A84B-41DC-47B2-96BC-985EB3C96F9F}"
EndProject
Project("{9A19103F-16F7-4668-BE54-9A1E7A4F7556}") = "Icod.TermInfo.Acquisition.Sample", "samples\Icod.TermInfo.Acquisition.Sample\Icod.TermInfo.Acquisition.Sample.csproj", "{E3D8F5A1-7C44-4B7B-9D5A-2F6E0C8A9134}"
EndProject
Project("{9A19103F-16F7-4668-BE54-9A1E7A4F7556}") = "Icod.TermInfo.Toolchain.Sample", "samples\Icod.TermInfo.Toolchain.Sample\Icod.TermInfo.Toolchain.Sample.csproj", "{F2A1C370-DA7F-4C42-9B5A-76F29CB6921D}"
EndProject
Project("{2150E333-8FDC-42A3-9474-1A3956D46DE8}") = "tools", "tools", "{C78B23CF-38CD-4C34-8C20-4BC8DFF8A2D1}"
EndProject
Project("{9A19103F-16F7-4668-BE54-9A1E7A4F7556}") = "Icod.TermInfo.MetadataGenerator", "tools\terminfo-metadata\Icod.TermInfo.MetadataGenerator.csproj", "{D71A2831-89B3-4D86-9AF9-4F6234F5AC51}"
EndProject
Project("{9A19103F-16F7-4668-BE54-9A1E7A4F7556}") = "Icod.TermInfo.FixtureGenerator", "tools\compiled-terminfo-fixtures\Icod.TermInfo.FixtureGenerator.csproj", "{A4B4A956-415D-4F7C-9FB8-7BB541027B12}"
EndProject
Project("{9A19103F-16F7-4668-BE54-9A1E7A4F7556}") = "Icod.TermInfo.PackageVerifier", "tools\package-verifier\Icod.TermInfo.PackageVerifier.csproj", "{9C3F8D6B-0CA9-4C37-9EE1-E2D8CCEA097A}"
EndProject
Project("{9A19103F-16F7-4668-BE54-9A1E7A4F7556}") = "Icod.TermInfo.Termcap.PackageVerifier", "tools\termcap-package-verifier\Icod.TermInfo.Termcap.PackageVerifier.csproj", "{A5E28264-10DE-4F87-8D52-7E1F266B8C08}"
EndProject
Project("{9A19103F-16F7-4668-BE54-9A1E7A4F7556}") = "Icod.TermInfo.PublicApiSnapshot", "tools\public-api-snapshot\Icod.TermInfo.PublicApiSnapshot.csproj", "{6D3A260F-13BD-46C4-A4E4-A7F99A9AB1C0}"
EndProject
Project("{9A19103F-16F7-4668-BE54-9A1E7A4F7556}") = "Icod.TermInfo.Compiler.PackageVerifier", "tools\compiler-package-verifier\Icod.TermInfo.Compiler.PackageVerifier.csproj", "{D901FA77-07BF-4C48-859D-7A6B62F4E733}"
EndProject
Project("{9A19103F-16F7-4668-BE54-9A1E7A4F7556}") = "Icod.TermInfo.Inspection.PackageVerifier", "tools\inspection-package-verifier\Icod.TermInfo.Inspection.PackageVerifier.csproj", "{6652E4DE-40F4-42F5-9C8E-707C49DEA570}"
EndProject
Project("{9A19103F-16F7-4668-BE54-9A1E7A4F7556}") = "Icod.TermInfo.Tools.PackageVerifier", "tools\tool-package-verifier\Icod.TermInfo.Tools.PackageVerifier.csproj", "{3E1A6D2B-938D-4BA2-A68C-582B0A6AE724}"
EndProject
Project("{FAE04EC0-301F-11D3-BF4B-00C04F79EFBC}") = "Icod.TermInfo.DatabaseSet.Sample", "samples\Icod.TermInfo.DatabaseSet.Sample\Icod.TermInfo.DatabaseSet.Sample.csproj", "{27EC28A1-0786-4397-A7C4-1E9B63509F4A}"
EndProject
Global
	GlobalSection(SolutionConfigurationPlatforms) = preSolution
		Debug|Any CPU = Debug|Any CPU
		Debug|x64 = Debug|x64
		Debug|x86 = Debug|x86
		Release|Any CPU = Release|Any CPU
		Release|x64 = Release|x64
		Release|x86 = Release|x86
		Staging|Any CPU = Staging|Any CPU
		Staging|x64 = Staging|x64
		Staging|x86 = Staging|x86
	EndGlobalSection
	GlobalSection(ProjectConfigurationPlatforms) = postSolution
		{1FC6C977-B2BD-44DF-9934-D8EDB5140E50}.Debug|Any CPU.ActiveCfg = Debug|Any CPU
		{1FC6C977-B2BD-44DF-9934-D8EDB5140E50}.Debug|Any CPU.Build.0 = Debug|Any CPU
		{1FC6C977-B2BD-44DF-9934-D8EDB5140E50}.Debug|x64.ActiveCfg = Debug|Any CPU
		{1FC6C977-B2BD-44DF-9934-D8EDB5140E50}.Debug|x64.Build.0 = Debug|Any CPU
		{1FC6C977-B2BD-44DF-9934-D8EDB5140E50}.Debug|x86.ActiveCfg = Debug|Any CPU
		{1FC6C977-B2BD-44DF-9934-D8EDB5140E50}.Debug|x86.Build.0 = Debug|Any CPU
		{1FC6C977-B2BD-44DF-9934-D8EDB5140E50}.Release|Any CPU.ActiveCfg = Release|Any CPU
		{1FC6C977-B2BD-44DF-9934-D8EDB5140E50}.Release|Any CPU.Build.0 = Release|Any CPU
		{1FC6C977-B2BD-44DF-9934-D8EDB5140E50}.Release|x64.ActiveCfg = Release|Any CPU
		{1FC6C977-B2BD-44DF-9934-D8EDB5140E50}.Release|x64.Build.0 = Release|Any CPU
		{1FC6C977-B2BD-44DF-9934-D8EDB5140E50}.Release|x86.ActiveCfg = Release|Any CPU
		{1FC6C977-B2BD-44DF-9934-D8EDB5140E50}.Release|x86.Build.0 = Release|Any CPU
		{1FC6C977-B2BD-44DF-9934-D8EDB5140E50}.Staging|Any CPU.ActiveCfg = Staging|Any CPU
		{1FC6C977-B2BD-44DF-9934-D8EDB5140E50}.Staging|Any CPU.Build.0 = Staging|Any CPU
		{1FC6C977-B2BD-44DF-9934-D8EDB5140E50}.Staging|x64.ActiveCfg = Staging|Any CPU
		{1FC6C977-B2BD-44DF-9934-D8EDB5140E50}.Staging|x64.Build.0 = Staging|Any CPU
		{1FC6C977-B2BD-44DF-9934-D8EDB5140E50}.Staging|x86.ActiveCfg = Staging|Any CPU
		{1FC6C977-B2BD-44DF-9934-D8EDB5140E50}.Staging|x86.Build.0 = Staging|Any CPU
		{2E876FAE-75E1-4D80-91A4-8E79C4EEF2DD}.Debug|Any CPU.ActiveCfg = Debug|Any CPU
		{2E876FAE-75E1-4D80-91A4-8E79C4EEF2DD}.Debug|Any CPU.Build.0 = Debug|Any CPU
		{2E876FAE-75E1-4D80-91A4-8E79C4EEF2DD}.Debug|x64.ActiveCfg = Debug|Any CPU
		{2E876FAE-75E1-4D80-91A4-8E79C4EEF2DD}.Debug|x64.Build.0 = Debug|Any CPU
		{2E876FAE-75E1-4D80-91A4-8E79C4EEF2DD}.Debug|x86.ActiveCfg = Debug|Any CPU
		{2E876FAE-75E1-4D80-91A4-8E79C4EEF2DD}.Debug|x86.Build.0 = Debug|Any CPU
		{2E876FAE-75E1-4D80-91A4-8E79C4EEF2DD}.Release|Any CPU.ActiveCfg = Release|Any CPU
		{2E876FAE-75E1-4D80-91A4-8E79C4EEF2DD}.Release|Any CPU.Build.0 = Release|Any CPU
		{2E876FAE-75E1-4D80-91A4-8E79C4EEF2DD}.Release|x64.ActiveCfg = Release|Any CPU
		{2E876FAE-75E1-4D80-91A4-8E79C4EEF2DD}.Release|x64.Build.0 = Release|Any CPU
		{2E876FAE-75E1-4D80-91A4-8E79C4EEF2DD}.Release|x86.ActiveCfg = Release|Any CPU
		{2E876FAE-75E1-4D80-91A4-8E79C4EEF2DD}.Release|x86.Build.0 = Release|Any CPU
		{2E876FAE-75E1-4D80-91A4-8E79C4EEF2DD}.Staging|Any CPU.ActiveCfg = Staging|Any CPU
		{2E876FAE-75E1-4D80-91A4-8E79C4EEF2DD}.Staging|Any CPU.Build.0 = Staging|Any CPU
		{2E876FAE-75E1-4D80-91A4-8E79C4EEF2DD}.Staging|x64.ActiveCfg = Staging|Any CPU
		{2E876FAE-75E1-4D80-91A4-8E79C4EEF2DD}.Staging|x64.Build.0 = Staging|Any CPU
		{2E876FAE-75E1-4D80-91A4-8E79C4EEF2DD}.Staging|x86.ActiveCfg = Staging|Any CPU
		{2E876FAE-75E1-4D80-91A4-8E79C4EEF2DD}.Staging|x86.Build.0 = Staging|Any CPU
		{C9D6E66D-AD9E-4D9B-957D-344005864EA5}.Debug|Any CPU.ActiveCfg = Debug|Any CPU
		{C9D6E66D-AD9E-4D9B-957D-344005864EA5}.Debug|Any CPU.Build.0 = Debug|Any CPU
		{C9D6E66D-AD9E-4D9B-957D-344005864EA5}.Debug|x64.ActiveCfg = Debug|Any CPU
		{C9D6E66D-AD9E-4D9B-957D-344005864EA5}.Debug|x64.Build.0 = Debug|Any CPU
		{C9D6E66D-AD9E-4D9B-957D-344005864EA5}.Debug|x86.ActiveCfg = Debug|Any CPU
		{C9D6E66D-AD9E-4D9B-957D-344005864EA5}.Debug|x86.Build.0 = Debug|Any CPU
		{C9D6E66D-AD9E-4D9B-957D-344005864EA5}.Release|Any CPU.ActiveCfg = Release|Any CPU
		{C9D6E66D-AD9E-4D9B-957D-344005864EA5}.Release|Any CPU.Build.0 = Release|Any CPU
		{C9D6E66D-AD9E-4D9B-957D-344005864EA5}.Release|x64.ActiveCfg = Release|Any CPU
		{C9D6E66D-AD9E-4D9B-957D-344005864EA5}.Release|x64.Build.0 = Release|Any CPU
		{C9D6E66D-AD9E-4D9B-957D-344005864EA5}.Release|x86.ActiveCfg = Release|Any CPU
		{C9D6E66D-AD9E-4D9B-957D-344005864EA5}.Release|x86.Build.0 = Release|Any CPU
		{C9D6E66D-AD9E-4D9B-957D-344005864EA5}.Staging|Any CPU.ActiveCfg = Staging|Any CPU
		{C9D6E66D-AD9E-4D9B-957D-344005864EA5}.Staging|Any CPU.Build.0 = Staging|Any CPU
		{C9D6E66D-AD9E-4D9B-957D-344005864EA5}.Staging|x64.ActiveCfg = Staging|Any CPU
		{C9D6E66D-AD9E-4D9B-957D-344005864EA5}.Staging|x64.Build.0 = Staging|Any CPU
		{C9D6E66D-AD9E-4D9B-957D-344005864EA5}.Staging|x86.ActiveCfg = Staging|Any CPU
		{C9D6E66D-AD9E-4D9B-957D-344005864EA5}.Staging|x86.Build.0 = Staging|Any CPU
		{A1D5D0F1-62A0-4E8A-8FD3-66D858F70912}.Debug|Any CPU.ActiveCfg = Debug|Any CPU
		{A1D5D0F1-62A0-4E8A-8FD3-66D858F70912}.Debug|Any CPU.Build.0 = Debug|Any CPU
		{A1D5D0F1-62A0-4E8A-8FD3-66D858F70912}.Debug|x64.ActiveCfg = Debug|Any CPU
		{A1D5D0F1-62A0-4E8A-8FD3-66D858F70912}.Debug|x64.Build.0 = Debug|Any CPU
		{A1D5D0F1-62A0-4E8A-8FD3-66D858F70912}.Debug|x86.ActiveCfg = Debug|Any CPU
		{A1D5D0F1-62A0-4E8A-8FD3-66D858F70912}.Debug|x86.Build.0 = Debug|Any CPU
		{A1D5D0F1-62A0-4E8A-8FD3-66D858F70912}.Release|Any CPU.ActiveCfg = Release|Any CPU
		{A1D5D0F1-62A0-4E8A-8FD3-66D858F70912}.Release|Any CPU.Build.0 = Release|Any CPU
		{A1D5D0F1-62A0-4E8A-8FD3-66D858F70912}.Release|x64.ActiveCfg = Release|Any CPU
		{A1D5D0F1-62A0-4E8A-8FD3-66D858F70912}.Release|x64.Build.0 = Release|Any CPU
		{A1D5D0F1-62A0-4E8A-8FD3-66D858F70912}.Release|x86.ActiveCfg = Release|Any CPU
		{A1D5D0F1-62A0-4E8A-8FD3-66D858F70912}.Release|x86.Build.0 = Release|Any CPU
		{A1D5D0F1-62A0-4E8A-8FD3-66D858F70912}.Staging|Any CPU.ActiveCfg = Staging|Any CPU
		{A1D5D0F1-62A0-4E8A-8FD3-66D858F70912}.Staging|Any CPU.Build.0 = Staging|Any CPU
		{A1D5D0F1-62A0-4E8A-8FD3-66D858F70912}.Staging|x64.ActiveCfg = Staging|Any CPU
		{A1D5D0F1-62A0-4E8A-8FD3-66D858F70912}.Staging|x64.Build.0 = Staging|Any CPU
		{A1D5D0F1-62A0-4E8A-8FD3-66D858F70912}.Staging|x86.ActiveCfg = Staging|Any CPU
		{A1D5D0F1-62A0-4E8A-8FD3-66D858F70912}.Staging|x86.Build.0 = Staging|Any CPU
		{94EBF03F-92EC-46D5-8607-7FB5208EB02D}.Debug|Any CPU.ActiveCfg = Debug|Any CPU
		{94EBF03F-92EC-46D5-8607-7FB5208EB02D}.Debug|Any CPU.Build.0 = Debug|Any CPU
		{94EBF03F-92EC-46D5-8607-7FB5208EB02D}.Debug|x64.ActiveCfg = Debug|Any CPU
		{94EBF03F-92EC-46D5-8607-7FB5208EB02D}.Debug|x64.Build.0 = Debug|Any CPU
		{94EBF03F-92EC-46D5-8607-7FB5208EB02D}.Debug|x86.ActiveCfg = Debug|Any CPU
		{94EBF03F-92EC-46D5-8607-7FB5208EB02D}.Debug|x86.Build.0 = Debug|Any CPU
		{94EBF03F-92EC-46D5-8607-7FB5208EB02D}.Release|Any CPU.ActiveCfg = Release|Any CPU
		{94EBF03F-92EC-46D5-8607-7FB5208EB02D}.Release|Any CPU.Build.0 = Release|Any CPU
		{94EBF03F-92EC-46D5-8607-7FB5208EB02D}.Release|x64.ActiveCfg = Release|Any CPU
		{94EBF03F-92EC-46D5-8607-7FB5208EB02D}.Release|x64.Build.0 = Release|Any CPU
		{94EBF03F-92EC-46D5-8607-7FB5208EB02D}.Release|x86.ActiveCfg = Release|Any CPU
		{94EBF03F-92EC-46D5-8607-7FB5208EB02D}.Release|x86.Build.0 = Release|Any CPU
		{94EBF03F-92EC-46D5-8607-7FB5208EB02D}.Staging|Any CPU.ActiveCfg = Staging|Any CPU
		{94EBF03F-92EC-46D5-8607-7FB5208EB02D}.Staging|Any CPU.Build.0 = Staging|Any CPU
		{94EBF03F-92EC-46D5-8607-7FB5208EB02D}.Staging|x64.ActiveCfg = Staging|Any CPU
		{94EBF03F-92EC-46D5-8607-7FB5208EB02D}.Staging|x64.Build.0 = Staging|Any CPU
		{94EBF03F-92EC-46D5-8607-7FB5208EB02D}.Staging|x86.ActiveCfg = Staging|Any CPU
		{94EBF03F-92EC-46D5-8607-7FB5208EB02D}.Staging|x86.Build.0 = Staging|Any CPU
		{7E701D24-402A-5A7F-9222-2816BCF24B75}.Debug|Any CPU.ActiveCfg = Debug|Any CPU
		{7E701D24-402A-5A7F-9222-2816BCF24B75}.Debug|Any CPU.Build.0 = Debug|Any CPU
		{7E701D24-402A-5A7F-9222-2816BCF24B75}.Debug|x64.ActiveCfg = Debug|Any CPU
		{7E701D24-402A-5A7F-9222-2816BCF24B75}.Debug|x64.Build.0 = Debug|Any CPU
		{7E701D24-402A-5A7F-9222-2816BCF24B75}.Debug|x86.ActiveCfg = Debug|Any CPU
		{7E701D24-402A-5A7F-9222-2816BCF24B75}.Debug|x86.Build.0 = Debug|Any CPU
		{7E701D24-402A-5A7F-9222-2816BCF24B75}.Release|Any CPU.ActiveCfg = Release|Any CPU
		{7E701D24-402A-5A7F-9222-2816BCF24B75}.Release|Any CPU.Build.0 = Release|Any CPU
		{7E701D24-402A-5A7F-9222-2816BCF24B75}.Release|x64.ActiveCfg = Release|Any CPU
		{7E701D24-402A-5A7F-9222-2816BCF24B75}.Release|x64.Build.0 = Release|Any CPU
		{7E701D24-402A-5A7F-9222-2816BCF24B75}.Release|x86.ActiveCfg = Release|Any CPU
		{7E701D24-402A-5A7F-9222-2816BCF24B75}.Release|x86.Build.0 = Release|Any CPU
		{7E701D24-402A-5A7F-9222-2816BCF24B75}.Staging|Any CPU.ActiveCfg = Staging|Any CPU
		{7E701D24-402A-5A7F-9222-2816BCF24B75}.Staging|Any CPU.Build.0 = Staging|Any CPU
		{7E701D24-402A-5A7F-9222-2816BCF24B75}.Staging|x64.ActiveCfg = Staging|Any CPU
		{7E701D24-402A-5A7F-9222-2816BCF24B75}.Staging|x64.Build.0 = Staging|Any CPU
		{7E701D24-402A-5A7F-9222-2816BCF24B75}.Staging|x86.ActiveCfg = Staging|Any CPU
		{7E701D24-402A-5A7F-9222-2816BCF24B75}.Staging|x86.Build.0 = Staging|Any CPU
		{318549F6-DC46-5D3C-BF07-8FAF74062829}.Debug|Any CPU.ActiveCfg = Debug|Any CPU
		{318549F6-DC46-5D3C-BF07-8FAF74062829}.Debug|Any CPU.Build.0 = Debug|Any CPU
		{318549F6-DC46-5D3C-BF07-8FAF74062829}.Debug|x64.ActiveCfg = Debug|Any CPU
		{318549F6-DC46-5D3C-BF07-8FAF74062829}.Debug|x64.Build.0 = Debug|Any CPU
		{318549F6-DC46-5D3C-BF07-8FAF74062829}.Debug|x86.ActiveCfg = Debug|Any CPU
		{318549F6-DC46-5D3C-BF07-8FAF74062829}.Debug|x86.Build.0 = Debug|Any CPU
		{318549F6-DC46-5D3C-BF07-8FAF74062829}.Release|Any CPU.ActiveCfg = Release|Any CPU
		{318549F6-DC46-5D3C-BF07-8FAF74062829}.Release|Any CPU.Build.0 = Release|Any CPU
		{318549F6-DC46-5D3C-BF07-8FAF74062829}.Release|x64.ActiveCfg = Release|Any CPU
		{318549F6-DC46-5D3C-BF07-8FAF74062829}.Release|x64.Build.0 = Release|Any CPU
		{318549F6-DC46-5D3C-BF07-8FAF74062829}.Release|x86.ActiveCfg = Release|Any CPU
		{318549F6-DC46-5D3C-BF07-8FAF74062829}.Release|x86.Build.0 = Release|Any CPU
		{318549F6-DC46-5D3C-BF07-8FAF74062829}.Staging|Any CPU.ActiveCfg = Staging|Any CPU
		{318549F6-DC46-5D3C-BF07-8FAF74062829}.Staging|Any CPU.Build.0 = Staging|Any CPU
		{318549F6-DC46-5D3C-BF07-8FAF74062829}.Staging|x64.ActiveCfg = Staging|Any CPU
		{318549F6-DC46-5D3C-BF07-8FAF74062829}.Staging|x64.Build.0 = Staging|Any CPU
		{318549F6-DC46-5D3C-BF07-8FAF74062829}.Staging|x86.ActiveCfg = Staging|Any CPU
		{318549F6-DC46-5D3C-BF07-8FAF74062829}.Staging|x86.Build.0 = Staging|Any CPU
		{BA64B5B1-9F54-5E34-9557-19E0EB84DA3B}.Debug|Any CPU.ActiveCfg = Debug|Any CPU
		{BA64B5B1-9F54-5E34-9557-19E0EB84DA3B}.Debug|Any CPU.Build.0 = Debug|Any CPU
		{BA64B5B1-9F54-5E34-9557-19E0EB84DA3B}.Debug|x64.ActiveCfg = Debug|Any CPU
		{BA64B5B1-9F54-5E34-9557-19E0EB84DA3B}.Debug|x64.Build.0 = Debug|Any CPU
		{BA64B5B1-9F54-5E34-9557-19E0EB84DA3B}.Debug|x86.ActiveCfg = Debug|Any CPU
		{BA64B5B1-9F54-5E34-9557-19E0EB84DA3B}.Debug|x86.Build.0 = Debug|Any CPU
		{BA64B5B1-9F54-5E34-9557-19E0EB84DA3B}.Release|Any CPU.ActiveCfg = Release|Any CPU
		{BA64B5B1-9F54-5E34-9557-19E0EB84DA3B}.Release|Any CPU.Build.0 = Release|Any CPU
		{BA64B5B1-9F54-5E34-9557-19E0EB84DA3B}.Release|x64.ActiveCfg = Release|Any CPU
		{BA64B5B1-9F54-5E34-9557-19E0EB84DA3B}.Release|x64.Build.0 = Release|Any CPU
		{BA64B5B1-9F54-5E34-9557-19E0EB84DA3B}.Release|x86.ActiveCfg = Release|Any CPU
		{BA64B5B1-9F54-5E34-9557-19E0EB84DA3B}.Release|x86.Build.0 = Release|Any CPU
		{BA64B5B1-9F54-5E34-9557-19E0EB84DA3B}.Staging|Any CPU.ActiveCfg = Staging|Any CPU
		{BA64B5B1-9F54-5E34-9557-19E0EB84DA3B}.Staging|Any CPU.Build.0 = Staging|Any CPU
		{BA64B5B1-9F54-5E34-9557-19E0EB84DA3B}.Staging|x64.ActiveCfg = Staging|Any CPU
		{BA64B5B1-9F54-5E34-9557-19E0EB84DA3B}.Staging|x64.Build.0 = Staging|Any CPU
		{BA64B5B1-9F54-5E34-9557-19E0EB84DA3B}.Staging|x86.ActiveCfg = Staging|Any CPU
		{BA64B5B1-9F54-5E34-9557-19E0EB84DA3B}.Staging|x86.Build.0 = Staging|Any CPU
		{6F0F4046-7D1D-46B3-8C5D-2CE3D1B85C07}.Debug|Any CPU.ActiveCfg = Debug|Any CPU
		{6F0F4046-7D1D-46B3-8C5D-2CE3D1B85C07}.Debug|Any CPU.Build.0 = Debug|Any CPU
		{6F0F4046-7D1D-46B3-8C5D-2CE3D1B85C07}.Debug|x64.ActiveCfg = Debug|Any CPU
		{6F0F4046-7D1D-46B3-8C5D-2CE3D1B85C07}.Debug|x64.Build.0 = Debug|Any CPU
		{6F0F4046-7D1D-46B3-8C5D-2CE3D1B85C07}.Debug|x86.ActiveCfg = Debug|Any CPU
		{6F0F4046-7D1D-46B3-8C5D-2CE3D1B85C07}.Debug|x86.Build.0 = Debug|Any CPU
		{6F0F4046-7D1D-46B3-8C5D-2CE3D1B85C07}.Release|Any CPU.ActiveCfg = Release|Any CPU
		{6F0F4046-7D1D-46B3-8C5D-2CE3D1B85C07}.Release|Any CPU.Build.0 = Release|Any CPU
		{6F0F4046-7D1D-46B3-8C5D-2CE3D1B85C07}.Release|x64.ActiveCfg = Release|Any CPU
		{6F0F4046-7D1D-46B3-8C5D-2CE3D1B85C07}.Release|x64.Build.0 = Release|Any CPU
		{6F0F4046-7D1D-46B3-8C5D-2CE3D1B85C07}.Release|x86.ActiveCfg = Release|Any CPU
		{6F0F4046-7D1D-46B3-8C5D-2CE3D1B85C07}.Release|x86.Build.0 = Release|Any CPU
		{6F0F4046-7D1D-46B3-8C5D-2CE3D1B85C07}.Staging|Any CPU.ActiveCfg = Staging|Any CPU
		{6F0F4046-7D1D-46B3-8C5D-2CE3D1B85C07}.Staging|Any CPU.Build.0 = Staging|Any CPU
		{6F0F4046-7D1D-46B3-8C5D-2CE3D1B85C07}.Staging|x64.ActiveCfg = Staging|Any CPU
		{6F0F4046-7D1D-46B3-8C5D-2CE3D1B85C07}.Staging|x64.Build.0 = Staging|Any CPU
		{6F0F4046-7D1D-46B3-8C5D-2CE3D1B85C07}.Staging|x86.ActiveCfg = Staging|Any CPU
		{6F0F4046-7D1D-46B3-8C5D-2CE3D1B85C07}.Staging|x86.Build.0 = Staging|Any CPU
		{B51EEA4A-2081-4B82-A80F-8D91E0E5F707}.Debug|Any CPU.ActiveCfg = Debug|Any CPU
		{B51EEA4A-2081-4B82-A80F-8D91E0E5F707}.Debug|Any CPU.Build.0 = Debug|Any CPU
		{B51EEA4A-2081-4B82-A80F-8D91E0E5F707}.Debug|x64.ActiveCfg = Debug|Any CPU
		{B51EEA4A-2081-4B82-A80F-8D91E0E5F707}.Debug|x64.Build.0 = Debug|Any CPU
		{B51EEA4A-2081-4B82-A80F-8D91E0E5F707}.Debug|x86.ActiveCfg = Debug|Any CPU
		{B51EEA4A-2081-4B82-A80F-8D91E0E5F707}.Debug|x86.Build.0 = Debug|Any CPU
		{B51EEA4A-2081-4B82-A80F-8D91E0E5F707}.Release|Any CPU.ActiveCfg = Release|Any CPU
		{B51EEA4A-2081-4B82-A80F-8D91E0E5F707}.Release|Any CPU.Build.0 = Release|Any CPU
		{B51EEA4A-2081-4B82-A80F-8D91E0E5F707}.Release|x64.ActiveCfg = Release|Any CPU
		{B51EEA4A-2081-4B82-A80F-8D91E0E5F707}.Release|x64.Build.0 = Release|Any CPU
		{B51EEA4A-2081-4B82-A80F-8D91E0E5F707}.Release|x86.ActiveCfg = Release|Any CPU
		{B51EEA4A-2081-4B82-A80F-8D91E0E5F707}.Release|x86.Build.0 = Release|Any CPU
		{B51EEA4A-2081-4B82-A80F-8D91E0E5F707}.Staging|Any CPU.ActiveCfg = Staging|Any CPU
		{B51EEA4A-2081-4B82-A80F-8D91E0E5F707}.Staging|Any CPU.Build.0 = Staging|Any CPU
		{B51EEA4A-2081-4B82-A80F-8D91E0E5F707}.Staging|x64.ActiveCfg = Staging|Any CPU
		{B51EEA4A-2081-4B82-A80F-8D91E0E5F707}.Staging|x64.Build.0 = Staging|Any CPU
		{B51EEA4A-2081-4B82-A80F-8D91E0E5F707}.Staging|x86.ActiveCfg = Staging|Any CPU
		{B51EEA4A-2081-4B82-A80F-8D91E0E5F707}.Staging|x86.Build.0 = Staging|Any CPU
		{7A736D8C-77CE-47DD-92AE-91EF6402E3B8}.Debug|Any CPU.ActiveCfg = Debug|Any CPU
		{7A736D8C-77CE-47DD-92AE-91EF6402E3B8}.Debug|Any CPU.Build.0 = Debug|Any CPU
		{7A736D8C-77CE-47DD-92AE-91EF6402E3B8}.Debug|x64.ActiveCfg = Debug|Any CPU
		{7A736D8C-77CE-47DD-92AE-91EF6402E3B8}.Debug|x64.Build.0 = Debug|Any CPU
		{7A736D8C-77CE-47DD-92AE-91EF6402E3B8}.Debug|x86.ActiveCfg = Debug|Any CPU
		{7A736D8C-77CE-47DD-92AE-91EF6402E3B8}.Debug|x86.Build.0 = Debug|Any CPU
		{7A736D8C-77CE-47DD-92AE-91EF6402E3B8}.Release|Any CPU.ActiveCfg = Release|Any CPU
		{7A736D8C-77CE-47DD-92AE-91EF6402E3B8}.Release|Any CPU.Build.0 = Release|Any CPU
		{7A736D8C-77CE-47DD-92AE-91EF6402E3B8}.Release|x64.ActiveCfg = Release|Any CPU
		{7A736D8C-77CE-47DD-92AE-91EF6402E3B8}.Release|x64.Build.0 = Release|Any CPU
		{7A736D8C-77CE-47DD-92AE-91EF6402E3B8}.Release|x86.ActiveCfg = Release|Any CPU
		{7A736D8C-77CE-47DD-92AE-91EF6402E3B8}.Release|x86.Build.0 = Release|Any CPU
		{7A736D8C-77CE-47DD-92AE-91EF6402E3B8}.Staging|Any CPU.ActiveCfg = Staging|Any CPU
		{7A736D8C-77CE-47DD-92AE-91EF6402E3B8}.Staging|Any CPU.Build.0 = Staging|Any CPU
		{7A736D8C-77CE-47DD-92AE-91EF6402E3B8}.Staging|x64.ActiveCfg = Staging|Any CPU
		{7A736D8C-77CE-47DD-92AE-91EF6402E3B8}.Staging|x64.Build.0 = Staging|Any CPU
		{7A736D8C-77CE-47DD-92AE-91EF6402E3B8}.Staging|x86.ActiveCfg = Staging|Any CPU
		{7A736D8C-77CE-47DD-92AE-91EF6402E3B8}.Staging|x86.Build.0 = Staging|Any CPU
		{CA53D988-1A94-46F0-AC80-D66166EEB561}.Debug|Any CPU.ActiveCfg = Debug|Any CPU
		{CA53D988-1A94-46F0-AC80-D66166EEB561}.Debug|Any CPU.Build.0 = Debug|Any CPU
		{CA53D988-1A94-46F0-AC80-D66166EEB561}.Debug|x64.ActiveCfg = Debug|Any CPU
		{CA53D988-1A94-46F0-AC80-D66166EEB561}.Debug|x64.Build.0 = Debug|Any CPU
		{CA53D988-1A94-46F0-AC80-D66166EEB561}.Debug|x86.ActiveCfg = Debug|Any CPU
		{CA53D988-1A94-46F0-AC80-D66166EEB561}.Debug|x86.Build.0 = Debug|Any CPU
		{CA53D988-1A94-46F0-AC80-D66166EEB561}.Release|Any CPU.ActiveCfg = Release|Any CPU
		{CA53D988-1A94-46F0-AC80-D66166EEB561}.Release|Any CPU.Build.0 = Release|Any CPU
		{CA53D988-1A94-46F0-AC80-D66166EEB561}.Release|x64.ActiveCfg = Release|Any CPU
		{CA53D988-1A94-46F0-AC80-D66166EEB561}.Release|x64.Build.0 = Release|Any CPU
		{CA53D988-1A94-46F0-AC80-D66166EEB561}.Release|x86.ActiveCfg = Release|Any CPU
		{CA53D988-1A94-46F0-AC80-D66166EEB561}.Release|x86.Build.0 = Release|Any CPU
		{CA53D988-1A94-46F0-AC80-D66166EEB561}.Staging|Any CPU.ActiveCfg = Staging|Any CPU
		{CA53D988-1A94-46F0-AC80-D66166EEB561}.Staging|Any CPU.Build.0 = Staging|Any CPU
		{CA53D988-1A94-46F0-AC80-D66166EEB561}.Staging|x64.ActiveCfg = Staging|Any CPU
		{CA53D988-1A94-46F0-AC80-D66166EEB561}.Staging|x64.Build.0 = Staging|Any CPU
		{CA53D988-1A94-46F0-AC80-D66166EEB561}.Staging|x86.ActiveCfg = Staging|Any CPU
		{CA53D988-1A94-46F0-AC80-D66166EEB561}.Staging|x86.Build.0 = Staging|Any CPU
		{C9110F42-983C-495D-9C47-F93A5B2F731C}.Debug|Any CPU.ActiveCfg = Debug|Any CPU
		{C9110F42-983C-495D-9C47-F93A5B2F731C}.Debug|Any CPU.Build.0 = Debug|Any CPU
		{C9110F42-983C-495D-9C47-F93A5B2F731C}.Debug|x64.ActiveCfg = Debug|Any CPU
		{C9110F42-983C-495D-9C47-F93A5B2F731C}.Debug|x64.Build.0 = Debug|Any CPU
		{C9110F42-983C-495D-9C47-F93A5B2F731C}.Debug|x86.ActiveCfg = Debug|Any CPU
		{C9110F42-983C-495D-9C47-F93A5B2F731C}.Debug|x86.Build.0 = Debug|Any CPU
		{C9110F42-983C-495D-9C47-F93A5B2F731C}.Release|Any CPU.ActiveCfg = Release|Any CPU
		{C9110F42-983C-495D-9C47-F93A5B2F731C}.Release|Any CPU.Build.0 = Release|Any CPU
		{C9110F42-983C-495D-9C47-F93A5B2F731C}.Release|x64.ActiveCfg = Release|Any CPU
		{C9110F42-983C-495D-9C47-F93A5B2F731C}.Release|x64.Build.0 = Release|Any CPU
		{C9110F42-983C-495D-9C47-F93A5B2F731C}.Release|x86.ActiveCfg = Release|Any CPU
		{C9110F42-983C-495D-9C47-F93A5B2F731C}.Release|x86.Build.0 = Release|Any CPU
		{C9110F42-983C-495D-9C47-F93A5B2F731C}.Staging|Any CPU.ActiveCfg = Staging|Any CPU
		{C9110F42-983C-495D-9C47-F93A5B2F731C}.Staging|Any CPU.Build.0 = Staging|Any CPU
		{C9110F42-983C-495D-9C47-F93A5B2F731C}.Staging|x64.ActiveCfg = Staging|Any CPU
		{C9110F42-983C-495D-9C47-F93A5B2F731C}.Staging|x64.Build.0 = Staging|Any CPU
		{C9110F42-983C-495D-9C47-F93A5B2F731C}.Staging|x86.ActiveCfg = Staging|Any CPU
		{C9110F42-983C-495D-9C47-F93A5B2F731C}.Staging|x86.Build.0 = Staging|Any CPU
		{D3285EE6-F2C7-4007-955F-E2DD65BB05FE}.Debug|Any CPU.ActiveCfg = Debug|Any CPU
		{D3285EE6-F2C7-4007-955F-E2DD65BB05FE}.Debug|Any CPU.Build.0 = Debug|Any CPU
		{D3285EE6-F2C7-4007-955F-E2DD65BB05FE}.Debug|x64.ActiveCfg = Debug|Any CPU
		{D3285EE6-F2C7-4007-955F-E2DD65BB05FE}.Debug|x64.Build.0 = Debug|Any CPU
		{D3285EE6-F2C7-4007-955F-E2DD65BB05FE}.Debug|x86.ActiveCfg = Debug|Any CPU
		{D3285EE6-F2C7-4007-955F-E2DD65BB05FE}.Debug|x86.Build.0 = Debug|Any CPU
		{D3285EE6-F2C7-4007-955F-E2DD65BB05FE}.Release|Any CPU.ActiveCfg = Release|Any CPU
		{D3285EE6-F2C7-4007-955F-E2DD65BB05FE}.Release|Any CPU.Build.0 = Release|Any CPU
		{D3285EE6-F2C7-4007-955F-E2DD65BB05FE}.Release|x64.ActiveCfg = Release|Any CPU
		{D3285EE6-F2C7-4007-955F-E2DD65BB05FE}.Release|x64.Build.0 = Release|Any CPU
		{D3285EE6-F2C7-4007-955F-E2DD65BB05FE}.Release|x86.ActiveCfg = Release|Any CPU
		{D3285EE6-F2C7-4007-955F-E2DD65BB05FE}.Release|x86.Build.0 = Release|Any CPU
		{D3285EE6-F2C7-4007-955F-E2DD65BB05FE}.Staging|Any CPU.ActiveCfg = Staging|Any CPU
		{D3285EE6-F2C7-4007-955F-E2DD65BB05FE}.Staging|Any CPU.Build.0 = Staging|Any CPU
		{D3285EE6-F2C7-4007-955F-E2DD65BB05FE}.Staging|x64.ActiveCfg = Staging|Any CPU
		{D3285EE6-F2C7-4007-955F-E2DD65BB05FE}.Staging|x64.Build.0 = Staging|Any CPU
		{D3285EE6-F2C7-4007-955F-E2DD65BB05FE}.Staging|x86.ActiveCfg = Staging|Any CPU
		{D3285EE6-F2C7-4007-955F-E2DD65BB05FE}.Staging|x86.Build.0 = Staging|Any CPU
		{B8AF056A-3D03-4E65-89E0-6DB8D5E7C124}.Debug|Any CPU.ActiveCfg = Debug|Any CPU
		{B8AF056A-3D03-4E65-89E0-6DB8D5E7C124}.Debug|Any CPU.Build.0 = Debug|Any CPU
		{B8AF056A-3D03-4E65-89E0-6DB8D5E7C124}.Debug|x64.ActiveCfg = Debug|Any CPU
		{B8AF056A-3D03-4E65-89E0-6DB8D5E7C124}.Debug|x64.Build.0 = Debug|Any CPU
		{B8AF056A-3D03-4E65-89E0-6DB8D5E7C124}.Debug|x86.ActiveCfg = Debug|Any CPU
		{B8AF056A-3D03-4E65-89E0-6DB8D5E7C124}.Debug|x86.Build.0 = Debug|Any CPU
		{B8AF056A-3D03-4E65-89E0-6DB8D5E7C124}.Release|Any CPU.ActiveCfg = Release|Any CPU
		{B8AF056A-3D03-4E65-89E0-6DB8D5E7C124}.Release|Any CPU.Build.0 = Release|Any CPU
		{B8AF056A-3D03-4E65-89E0-6DB8D5E7C124}.Release|x64.ActiveCfg = Release|Any CPU
		{B8AF056A-3D03-4E65-89E0-6DB8D5E7C124}.Release|x64.Build.0 = Release|Any CPU
		{B8AF056A-3D03-4E65-89E0-6DB8D5E7C124}.Release|x86.ActiveCfg = Release|Any CPU
		{B8AF056A-3D03-4E65-89E0-6DB8D5E7C124}.Release|x86.Build.0 = Release|Any CPU
		{B8AF056A-3D03-4E65-89E0-6DB8D5E7C124}.Staging|Any CPU.ActiveCfg = Staging|Any CPU
		{B8AF056A-3D03-4E65-89E0-6DB8D5E7C124}.Staging|Any CPU.Build.0 = Staging|Any CPU
		{B8AF056A-3D03-4E65-89E0-6DB8D5E7C124}.Staging|x64.ActiveCfg = Staging|Any CPU
		{B8AF056A-3D03-4E65-89E0-6DB8D5E7C124}.Staging|x64.Build.0 = Staging|Any CPU
		{B8AF056A-3D03-4E65-89E0-6DB8D5E7C124}.Staging|x86.ActiveCfg = Staging|Any CPU
		{B8AF056A-3D03-4E65-89E0-6DB8D5E7C124}.Staging|x86.Build.0 = Staging|Any CPU
		{6AB4657A-23CE-422A-BFBD-9B5EA429E1ED}.Debug|Any CPU.ActiveCfg = Debug|Any CPU
		{6AB4657A-23CE-422A-BFBD-9B5EA429E1ED}.Debug|Any CPU.Build.0 = Debug|Any CPU
		{6AB4657A-23CE-422A-BFBD-9B5EA429E1ED}.Debug|x64.ActiveCfg = Debug|Any CPU
		{6AB4657A-23CE-422A-BFBD-9B5EA429E1ED}.Debug|x64.Build.0 = Debug|Any CPU
		{6AB4657A-23CE-422A-BFBD-9B5EA429E1ED}.Debug|x86.ActiveCfg = Debug|Any CPU
		{6AB4657A-23CE-422A-BFBD-9B5EA429E1ED}.Debug|x86.Build.0 = Debug|Any CPU
		{6AB4657A-23CE-422A-BFBD-9B5EA429E1ED}.Release|Any CPU.ActiveCfg = Release|Any CPU
		{6AB4657A-23CE-422A-BFBD-9B5EA429E1ED}.Release|Any CPU.Build.0 = Release|Any CPU
		{6AB4657A-23CE-422A-BFBD-9B5EA429E1ED}.Release|x64.ActiveCfg = Release|Any CPU
		{6AB4657A-23CE-422A-BFBD-9B5EA429E1ED}.Release|x64.Build.0 = Release|Any CPU
		{6AB4657A-23CE-422A-BFBD-9B5EA429E1ED}.Release|x86.ActiveCfg = Release|Any CPU
		{6AB4657A-23CE-422A-BFBD-9B5EA429E1ED}.Release|x86.Build.0 = Release|Any CPU
		{6AB4657A-23CE-422A-BFBD-9B5EA429E1ED}.Staging|Any CPU.ActiveCfg = Staging|Any CPU
		{6AB4657A-23CE-422A-BFBD-9B5EA429E1ED}.Staging|Any CPU.Build.0 = Staging|Any CPU
		{6AB4657A-23CE-422A-BFBD-9B5EA429E1ED}.Staging|x64.ActiveCfg = Staging|Any CPU
		{6AB4657A-23CE-422A-BFBD-9B5EA429E1ED}.Staging|x64.Build.0 = Staging|Any CPU
		{6AB4657A-23CE-422A-BFBD-9B5EA429E1ED}.Staging|x86.ActiveCfg = Staging|Any CPU
		{6AB4657A-23CE-422A-BFBD-9B5EA429E1ED}.Staging|x86.Build.0 = Staging|Any CPU
		{359885AD-D3AD-5A28-A3B8-98CF04811374}.Debug|Any CPU.ActiveCfg = Debug|Any CPU
		{359885AD-D3AD-5A28-A3B8-98CF04811374}.Debug|Any CPU.Build.0 = Debug|Any CPU
		{359885AD-D3AD-5A28-A3B8-98CF04811374}.Debug|x64.ActiveCfg = Debug|Any CPU
		{359885AD-D3AD-5A28-A3B8-98CF04811374}.Debug|x64.Build.0 = Debug|Any CPU
		{359885AD-D3AD-5A28-A3B8-98CF04811374}.Debug|x86.ActiveCfg = Debug|Any CPU
		{359885AD-D3AD-5A28-A3B8-98CF04811374}.Debug|x86.Build.0 = Debug|Any CPU
		{359885AD-D3AD-5A28-A3B8-98CF04811374}.Release|Any CPU.ActiveCfg = Release|Any CPU
		{359885AD-D3AD-5A28-A3B8-98CF04811374}.Release|Any CPU.Build.0 = Release|Any CPU
		{359885AD-D3AD-5A28-A3B8-98CF04811374}.Release|x64.ActiveCfg = Release|Any CPU
		{359885AD-D3AD-5A28-A3B8-98CF04811374}.Release|x64.Build.0 = Release|Any CPU
		{359885AD-D3AD-5A28-A3B8-98CF04811374}.Release|x86.ActiveCfg = Release|Any CPU
		{359885AD-D3AD-5A28-A3B8-98CF04811374}.Release|x86.Build.0 = Release|Any CPU
		{359885AD-D3AD-5A28-A3B8-98CF04811374}.Staging|Any CPU.ActiveCfg = Staging|Any CPU
		{359885AD-D3AD-5A28-A3B8-98CF04811374}.Staging|Any CPU.Build.0 = Staging|Any CPU
		{359885AD-D3AD-5A28-A3B8-98CF04811374}.Staging|x64.ActiveCfg = Staging|Any CPU
		{359885AD-D3AD-5A28-A3B8-98CF04811374}.Staging|x64.Build.0 = Staging|Any CPU
		{359885AD-D3AD-5A28-A3B8-98CF04811374}.Staging|x86.ActiveCfg = Staging|Any CPU
		{359885AD-D3AD-5A28-A3B8-98CF04811374}.Staging|x86.Build.0 = Staging|Any CPU
		{92195310-31CD-5FBC-87EB-181D3E9A6242}.Debug|Any CPU.ActiveCfg = Debug|Any CPU
		{92195310-31CD-5FBC-87EB-181D3E9A6242}.Debug|Any CPU.Build.0 = Debug|Any CPU
		{92195310-31CD-5FBC-87EB-181D3E9A6242}.Debug|x64.ActiveCfg = Debug|Any CPU
		{92195310-31CD-5FBC-87EB-181D3E9A6242}.Debug|x64.Build.0 = Debug|Any CPU
		{92195310-31CD-5FBC-87EB-181D3E9A6242}.Debug|x86.ActiveCfg = Debug|Any CPU
		{92195310-31CD-5FBC-87EB-181D3E9A6242}.Debug|x86.Build.0 = Debug|Any CPU
		{92195310-31CD-5FBC-87EB-181D3E9A6242}.Release|Any CPU.ActiveCfg = Release|Any CPU
		{92195310-31CD-5FBC-87EB-181D3E9A6242}.Release|Any CPU.Build.0 = Release|Any CPU
		{92195310-31CD-5FBC-87EB-181D3E9A6242}.Release|x64.ActiveCfg = Release|Any CPU
		{92195310-31CD-5FBC-87EB-181D3E9A6242}.Release|x64.Build.0 = Release|Any CPU
		{92195310-31CD-5FBC-87EB-181D3E9A6242}.Release|x86.ActiveCfg = Release|Any CPU
		{92195310-31CD-5FBC-87EB-181D3E9A6242}.Release|x86.Build.0 = Release|Any CPU
		{92195310-31CD-5FBC-87EB-181D3E9A6242}.Staging|Any CPU.ActiveCfg = Staging|Any CPU
		{92195310-31CD-5FBC-87EB-181D3E9A6242}.Staging|Any CPU.Build.0 = Staging|Any CPU
		{92195310-31CD-5FBC-87EB-181D3E9A6242}.Staging|x64.ActiveCfg = Staging|Any CPU
		{92195310-31CD-5FBC-87EB-181D3E9A6242}.Staging|x64.Build.0 = Staging|Any CPU
		{92195310-31CD-5FBC-87EB-181D3E9A6242}.Staging|x86.ActiveCfg = Staging|Any CPU
		{92195310-31CD-5FBC-87EB-181D3E9A6242}.Staging|x86.Build.0 = Staging|Any CPU
		{591FB215-E779-50B6-B854-265D3029B1B0}.Debug|Any CPU.ActiveCfg = Debug|Any CPU
		{591FB215-E779-50B6-B854-265D3029B1B0}.Debug|Any CPU.Build.0 = Debug|Any CPU
		{591FB215-E779-50B6-B854-265D3029B1B0}.Debug|x64.ActiveCfg = Debug|Any CPU
		{591FB215-E779-50B6-B854-265D3029B1B0}.Debug|x64.Build.0 = Debug|Any CPU
		{591FB215-E779-50B6-B854-265D3029B1B0}.Debug|x86.ActiveCfg = Debug|Any CPU
		{591FB215-E779-50B6-B854-265D3029B1B0}.Debug|x86.Build.0 = Debug|Any CPU
		{591FB215-E779-50B6-B854-265D3029B1B0}.Release|Any CPU.ActiveCfg = Release|Any CPU
		{591FB215-E779-50B6-B854-265D3029B1B0}.Release|Any CPU.Build.0 = Release|Any CPU
		{591FB215-E779-50B6-B854-265D3029B1B0}.Release|x64.ActiveCfg = Release|Any CPU
		{591FB215-E779-50B6-B854-265D3029B1B0}.Release|x64.Build.0 = Release|Any CPU
		{591FB215-E779-50B6-B854-265D3029B1B0}.Release|x86.ActiveCfg = Release|Any CPU
		{591FB215-E779-50B6-B854-265D3029B1B0}.Release|x86.Build.0 = Release|Any CPU
		{591FB215-E779-50B6-B854-265D3029B1B0}.Staging|Any CPU.ActiveCfg = Staging|Any CPU
		{591FB215-E779-50B6-B854-265D3029B1B0}.Staging|Any CPU.Build.0 = Staging|Any CPU
		{591FB215-E779-50B6-B854-265D3029B1B0}.Staging|x64.ActiveCfg = Staging|Any CPU
		{591FB215-E779-50B6-B854-265D3029B1B0}.Staging|x64.Build.0 = Staging|Any CPU
		{591FB215-E779-50B6-B854-265D3029B1B0}.Staging|x86.ActiveCfg = Staging|Any CPU
		{591FB215-E779-50B6-B854-265D3029B1B0}.Staging|x86.Build.0 = Staging|Any CPU
		{AE95A945-EEEC-48B5-91DA-A409036AF212}.Debug|Any CPU.ActiveCfg = Debug|Any CPU
		{AE95A945-EEEC-48B5-91DA-A409036AF212}.Debug|Any CPU.Build.0 = Debug|Any CPU
		{AE95A945-EEEC-48B5-91DA-A409036AF212}.Debug|x64.ActiveCfg = Debug|Any CPU
		{AE95A945-EEEC-48B5-91DA-A409036AF212}.Debug|x64.Build.0 = Debug|Any CPU
		{AE95A945-EEEC-48B5-91DA-A409036AF212}.Debug|x86.ActiveCfg = Debug|Any CPU
		{AE95A945-EEEC-48B5-91DA-A409036AF212}.Debug|x86.Build.0 = Debug|Any CPU
		{AE95A945-EEEC-48B5-91DA-A409036AF212}.Release|Any CPU.ActiveCfg = Release|Any CPU
		{AE95A945-EEEC-48B5-91DA-A409036AF212}.Release|Any CPU.Build.0 = Release|Any CPU
		{AE95A945-EEEC-48B5-91DA-A409036AF212}.Release|x64.ActiveCfg = Release|Any CPU
		{AE95A945-EEEC-48B5-91DA-A409036AF212}.Release|x64.Build.0 = Release|Any CPU
		{AE95A945-EEEC-48B5-91DA-A409036AF212}.Release|x86.ActiveCfg = Release|Any CPU
		{AE95A945-EEEC-48B5-91DA-A409036AF212}.Release|x86.Build.0 = Release|Any CPU
		{AE95A945-EEEC-48B5-91DA-A409036AF212}.Staging|Any CPU.ActiveCfg = Staging|Any CPU
		{AE95A945-EEEC-48B5-91DA-A409036AF212}.Staging|Any CPU.Build.0 = Staging|Any CPU
		{AE95A945-EEEC-48B5-91DA-A409036AF212}.Staging|x64.ActiveCfg = Staging|Any CPU
		{AE95A945-EEEC-48B5-91DA-A409036AF212}.Staging|x64.Build.0 = Staging|Any CPU
		{AE95A945-EEEC-48B5-91DA-A409036AF212}.Staging|x86.ActiveCfg = Staging|Any CPU
		{AE95A945-EEEC-48B5-91DA-A409036AF212}.Staging|x86.Build.0 = Staging|Any CPU
		{D649A84B-41DC-47B2-96BC-985EB3C96F9F}.Debug|Any CPU.ActiveCfg = Debug|Any CPU
		{D649A84B-41DC-47B2-96BC-985EB3C96F9F}.Debug|Any CPU.Build.0 = Debug|Any CPU
		{D649A84B-41DC-47B2-96BC-985EB3C96F9F}.Debug|x64.ActiveCfg = Debug|Any CPU
		{D649A84B-41DC-47B2-96BC-985EB3C96F9F}.Debug|x64.Build.0 = Debug|Any CPU
		{D649A84B-41DC-47B2-96BC-985EB3C96F9F}.Debug|x86.ActiveCfg = Debug|Any CPU
		{D649A84B-41DC-47B2-96BC-985EB3C96F9F}.Debug|x86.Build.0 = Debug|Any CPU
		{D649A84B-41DC-47B2-96BC-985EB3C96F9F}.Release|Any CPU.ActiveCfg = Release|Any CPU
		{D649A84B-41DC-47B2-96BC-985EB3C96F9F}.Release|Any CPU.Build.0 = Release|Any CPU
		{D649A84B-41DC-47B2-96BC-985EB3C96F9F}.Release|x64.ActiveCfg = Release|Any CPU
		{D649A84B-41DC-47B2-96BC-985EB3C96F9F}.Release|x64.Build.0 = Release|Any CPU
		{D649A84B-41DC-47B2-96BC-985EB3C96F9F}.Release|x86.ActiveCfg = Release|Any CPU
		{D649A84B-41DC-47B2-96BC-985EB3C96F9F}.Release|x86.Build.0 = Release|Any CPU
		{D649A84B-41DC-47B2-96BC-985EB3C96F9F}.Staging|Any CPU.ActiveCfg = Staging|Any CPU
		{D649A84B-41DC-47B2-96BC-985EB3C96F9F}.Staging|Any CPU.Build.0 = Staging|Any CPU
		{D649A84B-41DC-47B2-96BC-985EB3C96F9F}.Staging|x64.ActiveCfg = Staging|Any CPU
		{D649A84B-41DC-47B2-96BC-985EB3C96F9F}.Staging|x64.Build.0 = Staging|Any CPU
		{D649A84B-41DC-47B2-96BC-985EB3C96F9F}.Staging|x86.ActiveCfg = Staging|Any CPU
		{D649A84B-41DC-47B2-96BC-985EB3C96F9F}.Staging|x86.Build.0 = Staging|Any CPU
		{E3D8F5A1-7C44-4B7B-9D5A-2F6E0C8A9134}.Debug|Any CPU.ActiveCfg = Debug|Any CPU
		{E3D8F5A1-7C44-4B7B-9D5A-2F6E0C8A9134}.Debug|Any CPU.Build.0 = Debug|Any CPU
		{E3D8F5A1-7C44-4B7B-9D5A-2F6E0C8A9134}.Debug|x64.ActiveCfg = Debug|Any CPU
		{E3D8F5A1-7C44-4B7B-9D5A-2F6E0C8A9134}.Debug|x64.Build.0 = Debug|Any CPU
		{E3D8F5A1-7C44-4B7B-9D5A-2F6E0C8A9134}.Debug|x86.ActiveCfg = Debug|Any CPU
		{E3D8F5A1-7C44-4B7B-9D5A-2F6E0C8A9134}.Debug|x86.Build.0 = Debug|Any CPU
		{E3D8F5A1-7C44-4B7B-9D5A-2F6E0C8A9134}.Release|Any CPU.ActiveCfg = Release|Any CPU
		{E3D8F5A1-7C44-4B7B-9D5A-2F6E0C8A9134}.Release|Any CPU.Build.0 = Release|Any CPU
		{E3D8F5A1-7C44-4B7B-9D5A-2F6E0C8A9134}.Release|x64.ActiveCfg = Release|Any CPU
		{E3D8F5A1-7C44-4B7B-9D5A-2F6E0C8A9134}.Release|x64.Build.0 = Release|Any CPU
		{E3D8F5A1-7C44-4B7B-9D5A-2F6E0C8A9134}.Release|x86.ActiveCfg = Release|Any CPU
		{E3D8F5A1-7C44-4B7B-9D5A-2F6E0C8A9134}.Release|x86.Build.0 = Release|Any CPU
		{E3D8F5A1-7C44-4B7B-9D5A-2F6E0C8A9134}.Staging|Any CPU.ActiveCfg = Staging|Any CPU
		{E3D8F5A1-7C44-4B7B-9D5A-2F6E0C8A9134}.Staging|Any CPU.Build.0 = Staging|Any CPU
		{E3D8F5A1-7C44-4B7B-9D5A-2F6E0C8A9134}.Staging|x64.ActiveCfg = Staging|Any CPU
		{E3D8F5A1-7C44-4B7B-9D5A-2F6E0C8A9134}.Staging|x64.Build.0 = Staging|Any CPU
		{E3D8F5A1-7C44-4B7B-9D5A-2F6E0C8A9134}.Staging|x86.ActiveCfg = Staging|Any CPU
		{E3D8F5A1-7C44-4B7B-9D5A-2F6E0C8A9134}.Staging|x86.Build.0 = Staging|Any CPU
		{F2A1C370-DA7F-4C42-9B5A-76F29CB6921D}.Debug|Any CPU.ActiveCfg = Debug|Any CPU
		{F2A1C370-DA7F-4C42-9B5A-76F29CB6921D}.Debug|Any CPU.Build.0 = Debug|Any CPU
		{F2A1C370-DA7F-4C42-9B5A-76F29CB6921D}.Debug|x64.ActiveCfg = Debug|Any CPU
		{F2A1C370-DA7F-4C42-9B5A-76F29CB6921D}.Debug|x64.Build.0 = Debug|Any CPU
		{F2A1C370-DA7F-4C42-9B5A-76F29CB6921D}.Debug|x86.ActiveCfg = Debug|Any CPU
		{F2A1C370-DA7F-4C42-9B5A-76F29CB6921D}.Debug|x86.Build.0 = Debug|Any CPU
		{F2A1C370-DA7F-4C42-9B5A-76F29CB6921D}.Release|Any CPU.ActiveCfg = Release|Any CPU
		{F2A1C370-DA7F-4C42-9B5A-76F29CB6921D}.Release|Any CPU.Build.0 = Release|Any CPU
		{F2A1C370-DA7F-4C42-9B5A-76F29CB6921D}.Release|x64.ActiveCfg = Release|Any CPU
		{F2A1C370-DA7F-4C42-9B5A-76F29CB6921D}.Release|x64.Build.0 = Release|Any CPU
		{F2A1C370-DA7F-4C42-9B5A-76F29CB6921D}.Release|x86.ActiveCfg = Release|Any CPU
		{F2A1C370-DA7F-4C42-9B5A-76F29CB6921D}.Release|x86.Build.0 = Release|Any CPU
		{F2A1C370-DA7F-4C42-9B5A-76F29CB6921D}.Staging|Any CPU.ActiveCfg = Staging|Any CPU
		{F2A1C370-DA7F-4C42-9B5A-76F29CB6921D}.Staging|Any CPU.Build.0 = Staging|Any CPU
		{F2A1C370-DA7F-4C42-9B5A-76F29CB6921D}.Staging|x64.ActiveCfg = Staging|Any CPU
		{F2A1C370-DA7F-4C42-9B5A-76F29CB6921D}.Staging|x64.Build.0 = Staging|Any CPU
		{F2A1C370-DA7F-4C42-9B5A-76F29CB6921D}.Staging|x86.ActiveCfg = Staging|Any CPU
		{F2A1C370-DA7F-4C42-9B5A-76F29CB6921D}.Staging|x86.Build.0 = Staging|Any CPU
		{D71A2831-89B3-4D86-9AF9-4F6234F5AC51}.Debug|Any CPU.ActiveCfg = Debug|Any CPU
		{D71A2831-89B3-4D86-9AF9-4F6234F5AC51}.Debug|Any CPU.Build.0 = Debug|Any CPU
		{D71A2831-89B3-4D86-9AF9-4F6234F5AC51}.Debug|x64.ActiveCfg = Debug|Any CPU
		{D71A2831-89B3-4D86-9AF9-4F6234F5AC51}.Debug|x64.Build.0 = Debug|Any CPU
		{D71A2831-89B3-4D86-9AF9-4F6234F5AC51}.Debug|x86.ActiveCfg = Debug|Any CPU
		{D71A2831-89B3-4D86-9AF9-4F6234F5AC51}.Debug|x86.Build.0 = Debug|Any CPU
		{D71A2831-89B3-4D86-9AF9-4F6234F5AC51}.Release|Any CPU.ActiveCfg = Release|Any CPU
		{D71A2831-89B3-4D86-9AF9-4F6234F5AC51}.Release|Any CPU.Build.0 = Release|Any CPU
		{D71A2831-89B3-4D86-9AF9-4F6234F5AC51}.Release|x64.ActiveCfg = Release|Any CPU
		{D71A2831-89B3-4D86-9AF9-4F6234F5AC51}.Release|x64.Build.0 = Release|Any CPU
		{D71A2831-89B3-4D86-9AF9-4F6234F5AC51}.Release|x86.ActiveCfg = Release|Any CPU
		{D71A2831-89B3-4D86-9AF9-4F6234F5AC51}.Release|x86.Build.0 = Release|Any CPU
		{D71A2831-89B3-4D86-9AF9-4F6234F5AC51}.Staging|Any CPU.ActiveCfg = Staging|Any CPU
		{D71A2831-89B3-4D86-9AF9-4F6234F5AC51}.Staging|Any CPU.Build.0 = Staging|Any CPU
		{D71A2831-89B3-4D86-9AF9-4F6234F5AC51}.Staging|x64.ActiveCfg = Staging|Any CPU
		{D71A2831-89B3-4D86-9AF9-4F6234F5AC51}.Staging|x64.Build.0 = Staging|Any CPU
		{D71A2831-89B3-4D86-9AF9-4F6234F5AC51}.Staging|x86.ActiveCfg = Staging|Any CPU
		{D71A2831-89B3-4D86-9AF9-4F6234F5AC51}.Staging|x86.Build.0 = Staging|Any CPU
		{A4B4A956-415D-4F7C-9FB8-7BB541027B12}.Debug|Any CPU.ActiveCfg = Debug|Any CPU
		{A4B4A956-415D-4F7C-9FB8-7BB541027B12}.Debug|Any CPU.Build.0 = Debug|Any CPU
		{A4B4A956-415D-4F7C-9FB8-7BB541027B12}.Debug|x64.ActiveCfg = Debug|Any CPU
		{A4B4A956-415D-4F7C-9FB8-7BB541027B12}.Debug|x64.Build.0 = Debug|Any CPU
		{A4B4A956-415D-4F7C-9FB8-7BB541027B12}.Debug|x86.ActiveCfg = Debug|Any CPU
		{A4B4A956-415D-4F7C-9FB8-7BB541027B12}.Debug|x86.Build.0 = Debug|Any CPU
		{A4B4A956-415D-4F7C-9FB8-7BB541027B12}.Release|Any CPU.ActiveCfg = Release|Any CPU
		{A4B4A956-415D-4F7C-9FB8-7BB541027B12}.Release|Any CPU.Build.0 = Release|Any CPU
		{A4B4A956-415D-4F7C-9FB8-7BB541027B12}.Release|x64.ActiveCfg = Release|Any CPU
		{A4B4A956-415D-4F7C-9FB8-7BB541027B12}.Release|x64.Build.0 = Release|Any CPU
		{A4B4A956-415D-4F7C-9FB8-7BB541027B12}.Release|x86.ActiveCfg = Release|Any CPU
		{A4B4A956-415D-4F7C-9FB8-7BB541027B12}.Release|x86.Build.0 = Release|Any CPU
		{A4B4A956-415D-4F7C-9FB8-7BB541027B12}.Staging|Any CPU.ActiveCfg = Staging|Any CPU
		{A4B4A956-415D-4F7C-9FB8-7BB541027B12}.Staging|Any CPU.Build.0 = Staging|Any CPU
		{A4B4A956-415D-4F7C-9FB8-7BB541027B12}.Staging|x64.ActiveCfg = Staging|Any CPU
		{A4B4A956-415D-4F7C-9FB8-7BB541027B12}.Staging|x64.Build.0 = Staging|Any CPU
		{A4B4A956-415D-4F7C-9FB8-7BB541027B12}.Staging|x86.ActiveCfg = Staging|Any CPU
		{A4B4A956-415D-4F7C-9FB8-7BB541027B12}.Staging|x86.Build.0 = Staging|Any CPU
		{9C3F8D6B-0CA9-4C37-9EE1-E2D8CCEA097A}.Debug|Any CPU.ActiveCfg = Debug|Any CPU
		{9C3F8D6B-0CA9-4C37-9EE1-E2D8CCEA097A}.Debug|Any CPU.Build.0 = Debug|Any CPU
		{9C3F8D6B-0CA9-4C37-9EE1-E2D8CCEA097A}.Debug|x64.ActiveCfg = Debug|Any CPU
		{9C3F8D6B-0CA9-4C37-9EE1-E2D8CCEA097A}.Debug|x64.Build.0 = Debug|Any CPU
		{9C3F8D6B-0CA9-4C37-9EE1-E2D8CCEA097A}.Debug|x86.ActiveCfg = Debug|Any CPU
		{9C3F8D6B-0CA9-4C37-9EE1-E2D8CCEA097A}.Debug|x86.Build.0 = Debug|Any CPU
		{9C3F8D6B-0CA9-4C37-9EE1-E2D8CCEA097A}.Release|Any CPU.ActiveCfg = Release|Any CPU
		{9C3F8D6B-0CA9-4C37-9EE1-E2D8CCEA097A}.Release|Any CPU.Build.0 = Release|Any CPU
		{9C3F8D6B-0CA9-4C37-9EE1-E2D8CCEA097A}.Release|x64.ActiveCfg = Release|Any CPU
		{9C3F8D6B-0CA9-4C37-9EE1-E2D8CCEA097A}.Release|x64.Build.0 = Release|Any CPU
		{9C3F8D6B-0CA9-4C37-9EE1-E2D8CCEA097A}.Release|x86.ActiveCfg = Release|Any CPU
		{9C3F8D6B-0CA9-4C37-9EE1-E2D8CCEA097A}.Release|x86.Build.0 = Release|Any CPU
		{9C3F8D6B-0CA9-4C37-9EE1-E2D8CCEA097A}.Staging|Any CPU.ActiveCfg = Staging|Any CPU
		{9C3F8D6B-0CA9-4C37-9EE1-E2D8CCEA097A}.Staging|Any CPU.Build.0 = Staging|Any CPU
		{9C3F8D6B-0CA9-4C37-9EE1-E2D8CCEA097A}.Staging|x64.ActiveCfg = Staging|Any CPU
		{9C3F8D6B-0CA9-4C37-9EE1-E2D8CCEA097A}.Staging|x64.Build.0 = Staging|Any CPU
		{9C3F8D6B-0CA9-4C37-9EE1-E2D8CCEA097A}.Staging|x86.ActiveCfg = Staging|Any CPU
		{9C3F8D6B-0CA9-4C37-9EE1-E2D8CCEA097A}.Staging|x86.Build.0 = Staging|Any CPU
		{A5E28264-10DE-4F87-8D52-7E1F266B8C08}.Debug|Any CPU.ActiveCfg = Debug|Any CPU
		{A5E28264-10DE-4F87-8D52-7E1F266B8C08}.Debug|Any CPU.Build.0 = Debug|Any CPU
		{A5E28264-10DE-4F87-8D52-7E1F266B8C08}.Debug|x64.ActiveCfg = Debug|Any CPU
		{A5E28264-10DE-4F87-8D52-7E1F266B8C08}.Debug|x64.Build.0 = Debug|Any CPU
		{A5E28264-10DE-4F87-8D52-7E1F266B8C08}.Debug|x86.ActiveCfg = Debug|Any CPU
		{A5E28264-10DE-4F87-8D52-7E1F266B8C08}.Debug|x86.Build.0 = Debug|Any CPU
		{A5E28264-10DE-4F87-8D52-7E1F266B8C08}.Release|Any CPU.ActiveCfg = Release|Any CPU
		{A5E28264-10DE-4F87-8D52-7E1F266B8C08}.Release|Any CPU.Build.0 = Release|Any CPU
		{A5E28264-10DE-4F87-8D52-7E1F266B8C08}.Release|x64.ActiveCfg = Release|Any CPU
		{A5E28264-10DE-4F87-8D52-7E1F266B8C08}.Release|x64.Build.0 = Release|Any CPU
		{A5E28264-10DE-4F87-8D52-7E1F266B8C08}.Release|x86.ActiveCfg = Release|Any CPU
		{A5E28264-10DE-4F87-8D52-7E1F266B8C08}.Release|x86.Build.0 = Release|Any CPU
		{A5E28264-10DE-4F87-8D52-7E1F266B8C08}.Staging|Any CPU.ActiveCfg = Staging|Any CPU
		{A5E28264-10DE-4F87-8D52-7E1F266B8C08}.Staging|Any CPU.Build.0 = Staging|Any CPU
		{A5E28264-10DE-4F87-8D52-7E1F266B8C08}.Staging|x64.ActiveCfg = Staging|Any CPU
		{A5E28264-10DE-4F87-8D52-7E1F266B8C08}.Staging|x64.Build.0 = Staging|Any CPU
		{A5E28264-10DE-4F87-8D52-7E1F266B8C08}.Staging|x86.ActiveCfg = Staging|Any CPU
		{A5E28264-10DE-4F87-8D52-7E1F266B8C08}.Staging|x86.Build.0 = Staging|Any CPU
		{6D3A260F-13BD-46C4-A4E4-A7F99A9AB1C0}.Debug|Any CPU.ActiveCfg = Debug|Any CPU
		{6D3A260F-13BD-46C4-A4E4-A7F99A9AB1C0}.Debug|Any CPU.Build.0 = Debug|Any CPU
		{6D3A260F-13BD-46C4-A4E4-A7F99A9AB1C0}.Debug|x64.ActiveCfg = Debug|Any CPU
		{6D3A260F-13BD-46C4-A4E4-A7F99A9AB1C0}.Debug|x64.Build.0 = Debug|Any CPU
		{6D3A260F-13BD-46C4-A4E4-A7F99A9AB1C0}.Debug|x86.ActiveCfg = Debug|Any CPU
		{6D3A260F-13BD-46C4-A4E4-A7F99A9AB1C0}.Debug|x86.Build.0 = Debug|Any CPU
		{6D3A260F-13BD-46C4-A4E4-A7F99A9AB1C0}.Release|Any CPU.ActiveCfg = Release|Any CPU
		{6D3A260F-13BD-46C4-A4E4-A7F99A9AB1C0}.Release|Any CPU.Build.0 = Release|Any CPU
		{6D3A260F-13BD-46C4-A4E4-A7F99A9AB1C0}.Release|x64.ActiveCfg = Release|Any CPU
		{6D3A260F-13BD-46C4-A4E4-A7F99A9AB1C0}.Release|x64.Build.0 = Release|Any CPU
		{6D3A260F-13BD-46C4-A4E4-A7F99A9AB1C0}.Release|x86.ActiveCfg = Release|Any CPU
		{6D3A260F-13BD-46C4-A4E4-A7F99A9AB1C0}.Release|x86.Build.0 = Release|Any CPU
		{6D3A260F-13BD-46C4-A4E4-A7F99A9AB1C0}.Staging|Any CPU.ActiveCfg = Staging|Any CPU
		{6D3A260F-13BD-46C4-A4E4-A7F99A9AB1C0}.Staging|Any CPU.Build.0 = Staging|Any CPU
		{6D3A260F-13BD-46C4-A4E4-A7F99A9AB1C0}.Staging|x64.ActiveCfg = Staging|Any CPU
		{6D3A260F-13BD-46C4-A4E4-A7F99A9AB1C0}.Staging|x64.Build.0 = Staging|Any CPU
		{6D3A260F-13BD-46C4-A4E4-A7F99A9AB1C0}.Staging|x86.ActiveCfg = Staging|Any CPU
		{6D3A260F-13BD-46C4-A4E4-A7F99A9AB1C0}.Staging|x86.Build.0 = Staging|Any CPU
		{D901FA77-07BF-4C48-859D-7A6B62F4E733}.Debug|Any CPU.ActiveCfg = Debug|Any CPU
		{D901FA77-07BF-4C48-859D-7A6B62F4E733}.Debug|Any CPU.Build.0 = Debug|Any CPU
		{D901FA77-07BF-4C48-859D-7A6B62F4E733}.Debug|x64.ActiveCfg = Debug|Any CPU
		{D901FA77-07BF-4C48-859D-7A6B62F4E733}.Debug|x64.Build.0 = Debug|Any CPU
		{D901FA77-07BF-4C48-859D-7A6B62F4E733}.Debug|x86.ActiveCfg = Debug|Any CPU
		{D901FA77-07BF-4C48-859D-7A6B62F4E733}.Debug|x86.Build.0 = Debug|Any CPU
		{D901FA77-07BF-4C48-859D-7A6B62F4E733}.Release|Any CPU.ActiveCfg = Release|Any CPU
		{D901FA77-07BF-4C48-859D-7A6B62F4E733}.Release|Any CPU.Build.0 = Release|Any CPU
		{D901FA77-07BF-4C48-859D-7A6B62F4E733}.Release|x64.ActiveCfg = Release|Any CPU
		{D901FA77-07BF-4C48-859D-7A6B62F4E733}.Release|x64.Build.0 = Release|Any CPU
		{D901FA77-07BF-4C48-859D-7A6B62F4E733}.Release|x86.ActiveCfg = Release|Any CPU
		{D901FA77-07BF-4C48-859D-7A6B62F4E733}.Release|x86.Build.0 = Release|Any CPU
		{D901FA77-07BF-4C48-859D-7A6B62F4E733}.Staging|Any CPU.ActiveCfg = Staging|Any CPU
		{D901FA77-07BF-4C48-859D-7A6B62F4E733}.Staging|Any CPU.Build.0 = Staging|Any CPU
		{D901FA77-07BF-4C48-859D-7A6B62F4E733}.Staging|x64.ActiveCfg = Staging|Any CPU
		{D901FA77-07BF-4C48-859D-7A6B62F4E733}.Staging|x64.Build.0 = Staging|Any CPU
		{D901FA77-07BF-4C48-859D-7A6B62F4E733}.Staging|x86.ActiveCfg = Staging|Any CPU
		{D901FA77-07BF-4C48-859D-7A6B62F4E733}.Staging|x86.Build.0 = Staging|Any CPU
		{6652E4DE-40F4-42F5-9C8E-707C49DEA570}.Debug|Any CPU.ActiveCfg = Debug|Any CPU
		{6652E4DE-40F4-42F5-9C8E-707C49DEA570}.Debug|Any CPU.Build.0 = Debug|Any CPU
		{6652E4DE-40F4-42F5-9C8E-707C49DEA570}.Debug|x64.ActiveCfg = Debug|Any CPU
		{6652E4DE-40F4-42F5-9C8E-707C49DEA570}.Debug|x64.Build.0 = Debug|Any CPU
		{6652E4DE-40F4-42F5-9C8E-707C49DEA570}.Debug|x86.ActiveCfg = Debug|Any CPU
		{6652E4DE-40F4-42F5-9C8E-707C49DEA570}.Debug|x86.Build.0 = Debug|Any CPU
		{6652E4DE-40F4-42F5-9C8E-707C49DEA570}.Release|Any CPU.ActiveCfg = Release|Any CPU
		{6652E4DE-40F4-42F5-9C8E-707C49DEA570}.Release|Any CPU.Build.0 = Release|Any CPU
		{6652E4DE-40F4-42F5-9C8E-707C49DEA570}.Release|x64.ActiveCfg = Release|Any CPU
		{6652E4DE-40F4-42F5-9C8E-707C49DEA570}.Release|x64.Build.0 = Release|Any CPU
		{6652E4DE-40F4-42F5-9C8E-707C49DEA570}.Release|x86.ActiveCfg = Release|Any CPU
		{6652E4DE-40F4-42F5-9C8E-707C49DEA570}.Release|x86.Build.0 = Release|Any CPU
		{6652E4DE-40F4-42F5-9C8E-707C49DEA570}.Staging|Any CPU.ActiveCfg = Staging|Any CPU
		{6652E4DE-40F4-42F5-9C8E-707C49DEA570}.Staging|Any CPU.Build.0 = Staging|Any CPU
		{6652E4DE-40F4-42F5-9C8E-707C49DEA570}.Staging|x64.ActiveCfg = Staging|Any CPU
		{6652E4DE-40F4-42F5-9C8E-707C49DEA570}.Staging|x64.Build.0 = Staging|Any CPU
		{6652E4DE-40F4-42F5-9C8E-707C49DEA570}.Staging|x86.ActiveCfg = Staging|Any CPU
		{6652E4DE-40F4-42F5-9C8E-707C49DEA570}.Staging|x86.Build.0 = Staging|Any CPU
		{3E1A6D2B-938D-4BA2-A68C-582B0A6AE724}.Debug|Any CPU.ActiveCfg = Debug|Any CPU
		{3E1A6D2B-938D-4BA2-A68C-582B0A6AE724}.Debug|Any CPU.Build.0 = Debug|Any CPU
		{3E1A6D2B-938D-4BA2-A68C-582B0A6AE724}.Debug|x64.ActiveCfg = Debug|Any CPU
		{3E1A6D2B-938D-4BA2-A68C-582B0A6AE724}.Debug|x64.Build.0 = Debug|Any CPU
		{3E1A6D2B-938D-4BA2-A68C-582B0A6AE724}.Debug|x86.ActiveCfg = Debug|Any CPU
		{3E1A6D2B-938D-4BA2-A68C-582B0A6AE724}.Debug|x86.Build.0 = Debug|Any CPU
		{3E1A6D2B-938D-4BA2-A68C-582B0A6AE724}.Release|Any CPU.ActiveCfg = Release|Any CPU
		{3E1A6D2B-938D-4BA2-A68C-582B0A6AE724}.Release|Any CPU.Build.0 = Release|Any CPU
		{3E1A6D2B-938D-4BA2-A68C-582B0A6AE724}.Release|x64.ActiveCfg = Release|Any CPU
		{3E1A6D2B-938D-4BA2-A68C-582B0A6AE724}.Release|x64.Build.0 = Release|Any CPU
		{3E1A6D2B-938D-4BA2-A68C-582B0A6AE724}.Release|x86.ActiveCfg = Release|Any CPU
		{3E1A6D2B-938D-4BA2-A68C-582B0A6AE724}.Release|x86.Build.0 = Release|Any CPU
		{3E1A6D2B-938D-4BA2-A68C-582B0A6AE724}.Staging|Any CPU.ActiveCfg = Staging|Any CPU
		{3E1A6D2B-938D-4BA2-A68C-582B0A6AE724}.Staging|Any CPU.Build.0 = Staging|Any CPU
		{3E1A6D2B-938D-4BA2-A68C-582B0A6AE724}.Staging|x64.ActiveCfg = Staging|Any CPU
		{3E1A6D2B-938D-4BA2-A68C-582B0A6AE724}.Staging|x64.Build.0 = Staging|Any CPU
		{3E1A6D2B-938D-4BA2-A68C-582B0A6AE724}.Staging|x86.ActiveCfg = Staging|Any CPU
		{3E1A6D2B-938D-4BA2-A68C-582B0A6AE724}.Staging|x86.Build.0 = Staging|Any CPU
		{27EC28A1-0786-4397-A7C4-1E9B63509F4A}.Debug|Any CPU.ActiveCfg = Debug|Any CPU
		{27EC28A1-0786-4397-A7C4-1E9B63509F4A}.Debug|Any CPU.Build.0 = Debug|Any CPU
		{27EC28A1-0786-4397-A7C4-1E9B63509F4A}.Debug|x64.ActiveCfg = Debug|Any CPU
		{27EC28A1-0786-4397-A7C4-1E9B63509F4A}.Debug|x64.Build.0 = Debug|Any CPU
		{27EC28A1-0786-4397-A7C4-1E9B63509F4A}.Debug|x86.ActiveCfg = Debug|Any CPU
		{27EC28A1-0786-4397-A7C4-1E9B63509F4A}.Debug|x86.Build.0 = Debug|Any CPU
		{27EC28A1-0786-4397-A7C4-1E9B63509F4A}.Release|Any CPU.ActiveCfg = Release|Any CPU
		{27EC28A1-0786-4397-A7C4-1E9B63509F4A}.Release|Any CPU.Build.0 = Release|Any CPU
		{27EC28A1-0786-4397-A7C4-1E9B63509F4A}.Release|x64.ActiveCfg = Release|Any CPU
		{27EC28A1-0786-4397-A7C4-1E9B63509F4A}.Release|x64.Build.0 = Release|Any CPU
		{27EC28A1-0786-4397-A7C4-1E9B63509F4A}.Release|x86.ActiveCfg = Release|Any CPU
		{27EC28A1-0786-4397-A7C4-1E9B63509F4A}.Release|x86.Build.0 = Release|Any CPU
		{27EC28A1-0786-4397-A7C4-1E9B63509F4A}.Staging|Any CPU.ActiveCfg = Staging|Any CPU
		{27EC28A1-0786-4397-A7C4-1E9B63509F4A}.Staging|Any CPU.Build.0 = Staging|Any CPU
		{27EC28A1-0786-4397-A7C4-1E9B63509F4A}.Staging|x64.ActiveCfg = Staging|Any CPU
		{27EC28A1-0786-4397-A7C4-1E9B63509F4A}.Staging|x64.Build.0 = Staging|Any CPU
		{27EC28A1-0786-4397-A7C4-1E9B63509F4A}.Staging|x86.ActiveCfg = Staging|Any CPU
		{27EC28A1-0786-4397-A7C4-1E9B63509F4A}.Staging|x86.Build.0 = Staging|Any CPU
	EndGlobalSection
	GlobalSection(SolutionProperties) = preSolution
		HideSolutionNode = FALSE
	EndGlobalSection
	GlobalSection(NestedProjects) = preSolution
		{CA53D988-1A94-46F0-AC80-D66166EEB561} = {B55F5A14-2D39-4D4C-AEAC-916B6A25F23E}
		{C9110F42-983C-495D-9C47-F93A5B2F731C} = {B55F5A14-2D39-4D4C-AEAC-916B6A25F23E}
		{D3285EE6-F2C7-4007-955F-E2DD65BB05FE} = {B55F5A14-2D39-4D4C-AEAC-916B6A25F23E}
		{B8AF056A-3D03-4E65-89E0-6DB8D5E7C124} = {B55F5A14-2D39-4D4C-AEAC-916B6A25F23E}
		{6AB4657A-23CE-422A-BFBD-9B5EA429E1ED} = {B55F5A14-2D39-4D4C-AEAC-916B6A25F23E}
		{359885AD-D3AD-5A28-A3B8-98CF04811374} = {B55F5A14-2D39-4D4C-AEAC-916B6A25F23E}
		{92195310-31CD-5FBC-87EB-181D3E9A6242} = {B55F5A14-2D39-4D4C-AEAC-916B6A25F23E}
		{591FB215-E779-50B6-B854-265D3029B1B0} = {B55F5A14-2D39-4D4C-AEAC-916B6A25F23E}
		{AE95A945-EEEC-48B5-91DA-A409036AF212} = {B55F5A14-2D39-4D4C-AEAC-916B6A25F23E}
		{D649A84B-41DC-47B2-96BC-985EB3C96F9F} = {8B94AE15-A91A-49D7-B324-C395C84E68D7}
		{E3D8F5A1-7C44-4B7B-9D5A-2F6E0C8A9134} = {8B94AE15-A91A-49D7-B324-C395C84E68D7}
		{F2A1C370-DA7F-4C42-9B5A-76F29CB6921D} = {8B94AE15-A91A-49D7-B324-C395C84E68D7}
		{D71A2831-89B3-4D86-9AF9-4F6234F5AC51} = {C78B23CF-38CD-4C34-8C20-4BC8DFF8A2D1}
		{A4B4A956-415D-4F7C-9FB8-7BB541027B12} = {C78B23CF-38CD-4C34-8C20-4BC8DFF8A2D1}
		{9C3F8D6B-0CA9-4C37-9EE1-E2D8CCEA097A} = {C78B23CF-38CD-4C34-8C20-4BC8DFF8A2D1}
		{A5E28264-10DE-4F87-8D52-7E1F266B8C08} = {C78B23CF-38CD-4C34-8C20-4BC8DFF8A2D1}
		{6D3A260F-13BD-46C4-A4E4-A7F99A9AB1C0} = {C78B23CF-38CD-4C34-8C20-4BC8DFF8A2D1}
		{D901FA77-07BF-4C48-859D-7A6B62F4E733} = {C78B23CF-38CD-4C34-8C20-4BC8DFF8A2D1}
		{6652E4DE-40F4-42F5-9C8E-707C49DEA570} = {C78B23CF-38CD-4C34-8C20-4BC8DFF8A2D1}
		{3E1A6D2B-938D-4BA2-A68C-582B0A6AE724} = {C78B23CF-38CD-4C34-8C20-4BC8DFF8A2D1}
		{27EC28A1-0786-4397-A7C4-1E9B63509F4A} = {8B94AE15-A91A-49D7-B324-C395C84E68D7}
	EndGlobalSection
EndGlobal
