Microsoft Visual Studio Solution File, Format Version 12.00
# Visual Studio Version 17
VisualStudioVersion = 17.0.31903.59
MinimumVisualStudioVersion = 10.0.40219.1
Project("{9A19103F-16F7-4668-BE54-9A1E7A4F7556}") = "Icod.TermInfo", "Icod.TermInfo.csproj", "{1FC6C977-B2BD-44DF-9934-D8EDB5140E50}"
EndProject
Project("{2150E333-8FDC-42A3-9474-1A3956D46DE8}") = "tests", "tests", "{B55F5A14-2D39-4D4C-AEAC-916B6A25F23E}"
EndProject
Project("{9A19103F-16F7-4668-BE54-9A1E7A4F7556}") = "Icod.TermInfo.Tests", "tests\Icod.TermInfo.Tests\Icod.TermInfo.Tests.csproj", "{CA53D988-1A94-46F0-AC80-D66166EEB561}"
EndProject
Project("{2150E333-8FDC-42A3-9474-1A3956D46DE8}") = "samples", "samples", "{8B94AE15-A91A-49D7-B324-C395C84E68D7}"
EndProject
Project("{9A19103F-16F7-4668-BE54-9A1E7A4F7556}") = "Icod.TermInfo.Sample", "samples\Icod.TermInfo.Sample\Icod.TermInfo.Sample.csproj", "{D649A84B-41DC-47B2-96BC-985EB3C96F9F}"
EndProject
Project("{9A19103F-16F7-4668-BE54-9A1E7A4F7556}") = "Icod.TermInfo.Acquisition.Sample", "samples\Icod.TermInfo.Acquisition.Sample\Icod.TermInfo.Acquisition.Sample.csproj", "{E3D8F5A1-7C44-4B7B-9D5A-2F6E0C8A9134}"
EndProject
Project("{2150E333-8FDC-42A3-9474-1A3956D46DE8}") = "tools", "tools", "{C78B23CF-38CD-4C34-8C20-4BC8DFF8A2D1}"
EndProject
Project("{9A19103F-16F7-4668-BE54-9A1E7A4F7556}") = "Icod.TermInfo.MetadataGenerator", "tools\terminfo-metadata\Icod.TermInfo.MetadataGenerator.csproj", "{D71A2831-89B3-4D86-9AF9-4F6234F5AC51}"
EndProject
Project("{9A19103F-16F7-4668-BE54-9A1E7A4F7556}") = "Icod.TermInfo.FixtureGenerator", "tools\compiled-terminfo-fixtures\Icod.TermInfo.FixtureGenerator.csproj", "{A4B4A956-415D-4F7C-9FB8-7BB541027B12}"
EndProject
Project("{9A19103F-16F7-4668-BE54-9A1E7A4F7556}") = "Icod.TermInfo.PackageVerifier", "tools\package-verifier\Icod.TermInfo.PackageVerifier.csproj", "{9C3F8D6B-0CA9-4C37-9EE1-E2D8CCEA097A}"
EndProject
Global
	GlobalSection(SolutionConfigurationPlatforms) = preSolution
		Debug|Any CPU = Debug|Any CPU
		Release|Any CPU = Release|Any CPU
		Staging|Any CPU = Staging|Any CPU
	EndGlobalSection
	GlobalSection(ProjectConfigurationPlatforms) = postSolution
		{1FC6C977-B2BD-44DF-9934-D8EDB5140E50}.Debug|Any CPU.ActiveCfg = Debug|Any CPU
		{1FC6C977-B2BD-44DF-9934-D8EDB5140E50}.Debug|Any CPU.Build.0 = Debug|Any CPU
		{1FC6C977-B2BD-44DF-9934-D8EDB5140E50}.Release|Any CPU.ActiveCfg = Release|Any CPU
		{1FC6C977-B2BD-44DF-9934-D8EDB5140E50}.Release|Any CPU.Build.0 = Release|Any CPU
		{1FC6C977-B2BD-44DF-9934-D8EDB5140E50}.Staging|Any CPU.ActiveCfg = Staging|Any CPU
		{1FC6C977-B2BD-44DF-9934-D8EDB5140E50}.Staging|Any CPU.Build.0 = Staging|Any CPU
		{CA53D988-1A94-46F0-AC80-D66166EEB561}.Debug|Any CPU.ActiveCfg = Debug|Any CPU
		{CA53D988-1A94-46F0-AC80-D66166EEB561}.Debug|Any CPU.Build.0 = Debug|Any CPU
		{CA53D988-1A94-46F0-AC80-D66166EEB561}.Release|Any CPU.ActiveCfg = Release|Any CPU
		{CA53D988-1A94-46F0-AC80-D66166EEB561}.Release|Any CPU.Build.0 = Release|Any CPU
		{CA53D988-1A94-46F0-AC80-D66166EEB561}.Staging|Any CPU.ActiveCfg = Staging|Any CPU
		{CA53D988-1A94-46F0-AC80-D66166EEB561}.Staging|Any CPU.Build.0 = Staging|Any CPU
		{D649A84B-41DC-47B2-96BC-985EB3C96F9F}.Debug|Any CPU.ActiveCfg = Debug|Any CPU
		{D649A84B-41DC-47B2-96BC-985EB3C96F9F}.Debug|Any CPU.Build.0 = Debug|Any CPU
		{D649A84B-41DC-47B2-96BC-985EB3C96F9F}.Release|Any CPU.ActiveCfg = Release|Any CPU
		{D649A84B-41DC-47B2-96BC-985EB3C96F9F}.Release|Any CPU.Build.0 = Release|Any CPU
		{D649A84B-41DC-47B2-96BC-985EB3C96F9F}.Staging|Any CPU.ActiveCfg = Staging|Any CPU
		{D649A84B-41DC-47B2-96BC-985EB3C96F9F}.Staging|Any CPU.Build.0 = Staging|Any CPU
		{E3D8F5A1-7C44-4B7B-9D5A-2F6E0C8A9134}.Debug|Any CPU.ActiveCfg = Debug|Any CPU
		{E3D8F5A1-7C44-4B7B-9D5A-2F6E0C8A9134}.Debug|Any CPU.Build.0 = Debug|Any CPU
		{E3D8F5A1-7C44-4B7B-9D5A-2F6E0C8A9134}.Release|Any CPU.ActiveCfg = Release|Any CPU
		{E3D8F5A1-7C44-4B7B-9D5A-2F6E0C8A9134}.Release|Any CPU.Build.0 = Release|Any CPU
		{E3D8F5A1-7C44-4B7B-9D5A-2F6E0C8A9134}.Staging|Any CPU.ActiveCfg = Staging|Any CPU
		{E3D8F5A1-7C44-4B7B-9D5A-2F6E0C8A9134}.Staging|Any CPU.Build.0 = Staging|Any CPU
		{D71A2831-89B3-4D86-9AF9-4F6234F5AC51}.Debug|Any CPU.ActiveCfg = Debug|Any CPU
		{D71A2831-89B3-4D86-9AF9-4F6234F5AC51}.Debug|Any CPU.Build.0 = Debug|Any CPU
		{D71A2831-89B3-4D86-9AF9-4F6234F5AC51}.Release|Any CPU.ActiveCfg = Release|Any CPU
		{D71A2831-89B3-4D86-9AF9-4F6234F5AC51}.Release|Any CPU.Build.0 = Release|Any CPU
		{D71A2831-89B3-4D86-9AF9-4F6234F5AC51}.Staging|Any CPU.ActiveCfg = Staging|Any CPU
		{D71A2831-89B3-4D86-9AF9-4F6234F5AC51}.Staging|Any CPU.Build.0 = Staging|Any CPU
		{A4B4A956-415D-4F7C-9FB8-7BB541027B12}.Debug|Any CPU.ActiveCfg = Debug|Any CPU
		{A4B4A956-415D-4F7C-9FB8-7BB541027B12}.Debug|Any CPU.Build.0 = Debug|Any CPU
		{A4B4A956-415D-4F7C-9FB8-7BB541027B12}.Release|Any CPU.ActiveCfg = Release|Any CPU
		{A4B4A956-415D-4F7C-9FB8-7BB541027B12}.Release|Any CPU.Build.0 = Release|Any CPU
		{A4B4A956-415D-4F7C-9FB8-7BB541027B12}.Staging|Any CPU.ActiveCfg = Staging|Any CPU
		{A4B4A956-415D-4F7C-9FB8-7BB541027B12}.Staging|Any CPU.Build.0 = Staging|Any CPU
		{9C3F8D6B-0CA9-4C37-9EE1-E2D8CCEA097A}.Debug|Any CPU.ActiveCfg = Debug|Any CPU
		{9C3F8D6B-0CA9-4C37-9EE1-E2D8CCEA097A}.Debug|Any CPU.Build.0 = Debug|Any CPU
		{9C3F8D6B-0CA9-4C37-9EE1-E2D8CCEA097A}.Release|Any CPU.ActiveCfg = Release|Any CPU
		{9C3F8D6B-0CA9-4C37-9EE1-E2D8CCEA097A}.Release|Any CPU.Build.0 = Release|Any CPU
		{9C3F8D6B-0CA9-4C37-9EE1-E2D8CCEA097A}.Staging|Any CPU.ActiveCfg = Staging|Any CPU
		{9C3F8D6B-0CA9-4C37-9EE1-E2D8CCEA097A}.Staging|Any CPU.Build.0 = Staging|Any CPU
	EndGlobalSection
	GlobalSection(SolutionProperties) = preSolution
		HideSolutionNode = FALSE
	EndGlobalSection
	GlobalSection(NestedProjects) = preSolution
		{CA53D988-1A94-46F0-AC80-D66166EEB561} = {B55F5A14-2D39-4D4C-AEAC-916B6A25F23E}
		{D649A84B-41DC-47B2-96BC-985EB3C96F9F} = {8B94AE15-A91A-49D7-B324-C395C84E68D7}
		{E3D8F5A1-7C44-4B7B-9D5A-2F6E0C8A9134} = {8B94AE15-A91A-49D7-B324-C395C84E68D7}
		{D71A2831-89B3-4D86-9AF9-4F6234F5AC51} = {C78B23CF-38CD-4C34-8C20-4BC8DFF8A2D1}
		{A4B4A956-415D-4F7C-9FB8-7BB541027B12} = {C78B23CF-38CD-4C34-8C20-4BC8DFF8A2D1}
		{9C3F8D6B-0CA9-4C37-9EE1-E2D8CCEA097A} = {C78B23CF-38CD-4C34-8C20-4BC8DFF8A2D1}
	EndGlobalSection
EndGlobal
